PODS:
  - Alamofire (4.9.1)
  - FRHyperLabel (1.0.4)
  - IQKeyboardManagerSwift (6.5.5)
  - MBProgressHUD (1.1.0)
  - "UITextView+Placeholder (1.4.0)"

DEPENDENCIES:
  - Alamofire (~> 4.9)
  - FRHyperLabel
  - IQKeyboardManagerSwift
  - MBProgressHUD (= 1.1.0)
  - "UITextView+Placeholder (~> 1.2)"

SPEC REPOS:
  trunk:
    - Alamofire
    - FRHyperLabel
    - IQKeyboardManagerSwift
    - MBProgressHUD
    - "UITextView+Placeholder"

SPEC CHECKSUMS:
  Alamofire: 85e8a02c69d6020a0d734f6054870d7ecb75cf18
  FRHyperLabel: f4a127d5f8ffb211040554615e93f936d5a576a6
  IQKeyboardManagerSwift: 0fb93310284665245591f50f7a5e38de615960b7
  MBProgressHUD: e7baa36a220447d8aeb12769bf0585582f3866d9
  "UITextView+Placeholder": d7b0c400921f66523f3a85d74f774512e14f6502

PODFILE CHECKSUM: ca0d24d2a4b96a2cb1a686dff0a8e73e2a04fc60

COCOAPODS: 1.10.1
