// !$*UTF8*$!
{
	archiveVersion = 1;
	classes = {
	};
	objectVersion = 46;
	objects = {

/* Begin PBXBuildFile section */
		51021910C2771C1B5628B0FE /* Pods_WM.framework in Frameworks */ = {isa = PBXBuildFile; fileRef = 191CBDD6548A18A9D46816D7 /* Pods_WM.framework */; };
		7CDAEBB3561E1D09F43DE150 /* Pods_WayBackMachine.framework in Frameworks */ = {isa = PBXBuildFile; fileRef = 60726BBF076E0E23487F9522 /* Pods_WayBackMachine.framework */; settings = {ATTRIBUTES = (Required, ); }; };
		84182D2A1E406B23005AC4B6 /* AppDelegate.swift in Sources */ = {isa = PBXBuildFile; fileRef = 84182D291E406B23005AC4B6 /* AppDelegate.swift */; };
		84182D2F1E406B23005AC4B6 /* Main.storyboard in Resources */ = {isa = PBXBuildFile; fileRef = 84182D2D1E406B23005AC4B6 /* Main.storyboard */; };
		84182D341E406B23005AC4B6 /* LaunchScreen.storyboard in Resources */ = {isa = PBXBuildFile; fileRef = 84182D321E406B23005AC4B6 /* LaunchScreen.storyboard */; };
		84182D611E406B38005AC4B6 /* MainInterface.storyboard in Resources */ = {isa = PBXBuildFile; fileRef = 84182D5F1E406B38005AC4B6 /* MainInterface.storyboard */; };
		84182D651E406B38005AC4B6 /* WayBackMachine.appex in Embed App Extensions */ = {isa = PBXBuildFile; fileRef = 84182D5B1E406B38005AC4B6 /* WayBackMachine.appex */; settings = {ATTRIBUTES = (RemoveHeadersOnCopy, ); }; };
		8422298623224C500008CCBB /* WMButton.swift in Sources */ = {isa = PBXBuildFile; fileRef = 84B78D28216E9C1C0064555C /* WMButton.swift */; };
		8459A2A421706118002B0AC3 /* ProfileVC.swift in Sources */ = {isa = PBXBuildFile; fileRef = 8459A2A321706118002B0AC3 /* ProfileVC.swift */; };
		8466589F216EA610009EB3AD /* StringExtensions.swift in Sources */ = {isa = PBXBuildFile; fileRef = 84B78CB1216E9C1C0064555C /* StringExtensions.swift */; };
		846658A0216EA6F2009EB3AD /* WMGlobal.swift in Sources */ = {isa = PBXBuildFile; fileRef = 84B78CB4216E9C1C0064555C /* WMGlobal.swift */; };
		846658A1216EA939009EB3AD /* WMGlobal.swift in Sources */ = {isa = PBXBuildFile; fileRef = 84B78CB4216E9C1C0064555C /* WMGlobal.swift */; };
		846658A2216EA950009EB3AD /* WMAPIManager.swift in Sources */ = {isa = PBXBuildFile; fileRef = 84B78CB2216E9C1C0064555C /* WMAPIManager.swift */; };
		846658A4216EAA1A009EB3AD /* WelcomeVC.swift in Sources */ = {isa = PBXBuildFile; fileRef = 846658A3216EAA1A009EB3AD /* WelcomeVC.swift */; };
		846658A6216EAA31009EB3AD /* SignupVC.swift in Sources */ = {isa = PBXBuildFile; fileRef = 846658A5216EAA31009EB3AD /* SignupVC.swift */; };
		846658A8216EAA4D009EB3AD /* LoginVC.swift in Sources */ = {isa = PBXBuildFile; fileRef = 846658A7216EAA4D009EB3AD /* LoginVC.swift */; };
		846658AA216EAA5C009EB3AD /* ForgotVC.swift in Sources */ = {isa = PBXBuildFile; fileRef = 846658A9216EAA5C009EB3AD /* ForgotVC.swift */; };
		846658AC216EB715009EB3AD /* WMView.swift in Sources */ = {isa = PBXBuildFile; fileRef = 846658AB216EB715009EB3AD /* WMView.swift */; };
		846658B2216F2E42009EB3AD /* SkyFloatingLabelTextField.swift in Sources */ = {isa = PBXBuildFile; fileRef = 846658AF216F2E42009EB3AD /* SkyFloatingLabelTextField.swift */; };
		846658B4216F2E42009EB3AD /* SkyFloatingLabelTextFieldWithIcon.swift in Sources */ = {isa = PBXBuildFile; fileRef = 846658B0216F2E42009EB3AD /* SkyFloatingLabelTextFieldWithIcon.swift */; };
		846658B6216F2E42009EB3AD /* UITextField+fixCaretPosition.swift in Sources */ = {isa = PBXBuildFile; fileRef = 846658B1216F2E42009EB3AD /* UITextField+fixCaretPosition.swift */; };
		849DFA88232156EF0084CDD0 /* ShareVC.swift in Sources */ = {isa = PBXBuildFile; fileRef = 849DFA87232156EF0084CDD0 /* ShareVC.swift */; };
		849DFA8923215F140084CDD0 /* WebPageVC.swift in Sources */ = {isa = PBXBuildFile; fileRef = 84B78D25216E9C1C0064555C /* WebPageVC.swift */; };
		849DFA8A23215F230084CDD0 /* Main.storyboard in Resources */ = {isa = PBXBuildFile; fileRef = 84182D2D1E406B23005AC4B6 /* Main.storyboard */; };
		849DFA9023222CA90084CDD0 /* ShareVC.swift in Sources */ = {isa = PBXBuildFile; fileRef = 849DFA87232156EF0084CDD0 /* ShareVC.swift */; };
		84B78D2A216E9C1C0064555C /* StringExtensions.swift in Sources */ = {isa = PBXBuildFile; fileRef = 84B78CB1216E9C1C0064555C /* StringExtensions.swift */; };
		84B78D2B216E9C1C0064555C /* WMAPIManager.swift in Sources */ = {isa = PBXBuildFile; fileRef = 84B78CB2216E9C1C0064555C /* WMAPIManager.swift */; };
		84B78D2C216E9C1C0064555C /* WMConstants.swift in Sources */ = {isa = PBXBuildFile; fileRef = 84B78CB3216E9C1C0064555C /* WMConstants.swift */; };
		84B78D2E216E9C1C0064555C /* SSCalendar.bundle in Resources */ = {isa = PBXBuildFile; fileRef = 84B78CB8216E9C1C0064555C /* SSCalendar.bundle */; };
		84B78D2F216E9C1C0064555C /* SSCalendarUtils.m in Sources */ = {isa = PBXBuildFile; fileRef = 84B78CBC216E9C1C0064555C /* SSCalendarUtils.m */; };
		84B78D30216E9C1C0064555C /* SSDataController.m in Sources */ = {isa = PBXBuildFile; fileRef = 84B78CC0216E9C1C0064555C /* SSDataController.m */; };
		84B78D31216E9C1C0064555C /* SSDimensions.m in Sources */ = {isa = PBXBuildFile; fileRef = 84B78CC2216E9C1C0064555C /* SSDimensions.m */; };
		84B78D32216E9C1C0064555C /* SSStyles.m in Sources */ = {isa = PBXBuildFile; fileRef = 84B78CC4216E9C1C0064555C /* SSStyles.m */; };
		84B78D33216E9C1C0064555C /* StellarConversionUtils.m in Sources */ = {isa = PBXBuildFile; fileRef = 84B78CC6216E9C1C0064555C /* StellarConversionUtils.m */; };
		84B78D34216E9C1C0064555C /* UIColor+StellarAdditions.m in Sources */ = {isa = PBXBuildFile; fileRef = 84B78CC8216E9C1C0064555C /* UIColor+StellarAdditions.m */; };
		84B78D35216E9C1C0064555C /* SSCalendarDayCell.m in Sources */ = {isa = PBXBuildFile; fileRef = 84B78CCB216E9C1C0064555C /* SSCalendarDayCell.m */; };
		84B78D36216E9C1C0064555C /* SSCalendarDayCell.xib in Resources */ = {isa = PBXBuildFile; fileRef = 84B78CCC216E9C1C0064555C /* SSCalendarDayCell.xib */; };
		84B78D37216E9C1C0064555C /* SSCalendarEventsCell.m in Sources */ = {isa = PBXBuildFile; fileRef = 84B78CD1216E9C1C0064555C /* SSCalendarEventsCell.m */; };
		84B78D38216E9C1C0064555C /* SSCalendarEventsCell.xib in Resources */ = {isa = PBXBuildFile; fileRef = 84B78CD2216E9C1C0064555C /* SSCalendarEventsCell.xib */; };
		84B78D39216E9C1C0064555C /* SSCalendarEventTableViewCell.m in Sources */ = {isa = PBXBuildFile; fileRef = 84B78CD4216E9C1C0064555C /* SSCalendarEventTableViewCell.m */; };
		84B78D3A216E9C1C0064555C /* SSCalendarDayViewController.m in Sources */ = {isa = PBXBuildFile; fileRef = 84B78CD7216E9C1C0064555C /* SSCalendarDayViewController.m */; };
		84B78D3B216E9C1C0064555C /* SSCalendarEventsTableViewController.m in Sources */ = {isa = PBXBuildFile; fileRef = 84B78CD9216E9C1C0064555C /* SSCalendarEventsTableViewController.m */; };
		84B78D3C216E9C1C0064555C /* SSCalendarWeekHeaderView.m in Sources */ = {isa = PBXBuildFile; fileRef = 84B78CDB216E9C1C0064555C /* SSCalendarWeekHeaderView.m */; };
		84B78D3D216E9C1C0064555C /* SSCalendarWeekViewController.m in Sources */ = {isa = PBXBuildFile; fileRef = 84B78CDD216E9C1C0064555C /* SSCalendarWeekViewController.m */; };
		84B78D3E216E9C1C0064555C /* SSCalendarDayLayout.m in Sources */ = {isa = PBXBuildFile; fileRef = 84B78CE0216E9C1C0064555C /* SSCalendarDayLayout.m */; };
		84B78D3F216E9C1C0064555C /* SSCalendarWeekLayout.m in Sources */ = {isa = PBXBuildFile; fileRef = 84B78CE2216E9C1C0064555C /* SSCalendarWeekLayout.m */; };
		84B78D40216E9C1C0064555C /* SSCalendarDailyViewController.m in Sources */ = {isa = PBXBuildFile; fileRef = 84B78CE5216E9C1C0064555C /* SSCalendarDailyViewController.m */; };
		84B78D41216E9C1C0064555C /* SSCalendarDailyViewController.xib in Resources */ = {isa = PBXBuildFile; fileRef = 84B78CE6216E9C1C0064555C /* SSCalendarDailyViewController.xib */; };
		84B78D42216E9C1C0064555C /* SSCalendarMonthlyDataSource.m in Sources */ = {isa = PBXBuildFile; fileRef = 84B78CEA216E9C1C0064555C /* SSCalendarMonthlyDataSource.m */; };
		84B78D43216E9C1C0064555C /* SSCalendarMonthlyLayout.m in Sources */ = {isa = PBXBuildFile; fileRef = 84B78CED216E9C1C0064555C /* SSCalendarMonthlyLayout.m */; };
		84B78D44216E9C1C0064555C /* SSCalendarMonthlyViewController.m in Sources */ = {isa = PBXBuildFile; fileRef = 84B78CF0216E9C1C0064555C /* SSCalendarMonthlyViewController.m */; };
		84B78D45216E9C1C0064555C /* SSCalendarMonthlyViewController.xib in Resources */ = {isa = PBXBuildFile; fileRef = 84B78CF1216E9C1C0064555C /* SSCalendarMonthlyViewController.xib */; };
		84B78D46216E9C1C0064555C /* SSCalendarMonthlyHeaderView.m in Sources */ = {isa = PBXBuildFile; fileRef = 84B78CF4216E9C1C0064555C /* SSCalendarMonthlyHeaderView.m */; };
		84B78D47216E9C1C0064555C /* SSCalendarMonthlyHeaderView.xib in Resources */ = {isa = PBXBuildFile; fileRef = 84B78CF5216E9C1C0064555C /* SSCalendarMonthlyHeaderView.xib */; };
		84B78D48216E9C1C0064555C /* SSCalendarAnnualCell.m in Sources */ = {isa = PBXBuildFile; fileRef = 84B78CF9216E9C1C0064555C /* SSCalendarAnnualCell.m */; };
		84B78D49216E9C1C0064555C /* SSCalendarAnnualCell.xib in Resources */ = {isa = PBXBuildFile; fileRef = 84B78CFA216E9C1C0064555C /* SSCalendarAnnualCell.xib */; };
		84B78D4A216E9C1C0064555C /* SSCalendarAnnualDataSource.m in Sources */ = {isa = PBXBuildFile; fileRef = 84B78CFD216E9C1C0064555C /* SSCalendarAnnualDataSource.m */; };
		84B78D4B216E9C1C0064555C /* SSCalendarAnnualLayout.m in Sources */ = {isa = PBXBuildFile; fileRef = 84B78D00216E9C1C0064555C /* SSCalendarAnnualLayout.m */; };
		84B78D4C216E9C1C0064555C /* SSCalendarAnnualViewController.m in Sources */ = {isa = PBXBuildFile; fileRef = 84B78D03216E9C1C0064555C /* SSCalendarAnnualViewController.m */; };
		84B78D4D216E9C1C0064555C /* SSCalendarAnnualViewController.xib in Resources */ = {isa = PBXBuildFile; fileRef = 84B78D04216E9C1C0064555C /* SSCalendarAnnualViewController.xib */; };
		84B78D4E216E9C1C0064555C /* SSCalendarAnnualHeaderView.m in Sources */ = {isa = PBXBuildFile; fileRef = 84B78D07216E9C1C0064555C /* SSCalendarAnnualHeaderView.m */; };
		84B78D4F216E9C1C0064555C /* SSCalendarAnnualHeaderView.xib in Resources */ = {isa = PBXBuildFile; fileRef = 84B78D08216E9C1C0064555C /* SSCalendarAnnualHeaderView.xib */; };
		84B78D50216E9C1C0064555C /* SSCache.m in Sources */ = {isa = PBXBuildFile; fileRef = 84B78D0B216E9C1C0064555C /* SSCache.m */; };
		84B78D51216E9C1C0064555C /* SSCalendarCache.m in Sources */ = {isa = PBXBuildFile; fileRef = 84B78D0D216E9C1C0064555C /* SSCalendarCache.m */; };
		84B78D52216E9C1C0064555C /* SSCalendarCountCache.m in Sources */ = {isa = PBXBuildFile; fileRef = 84B78D0F216E9C1C0064555C /* SSCalendarCountCache.m */; };
		84B78D53216E9C1C0064555C /* SSDayNode.m in Sources */ = {isa = PBXBuildFile; fileRef = 84B78D11216E9C1C0064555C /* SSDayNode.m */; };
		84B78D54216E9C1C0064555C /* SSEvent.m in Sources */ = {isa = PBXBuildFile; fileRef = 84B78D13216E9C1C0064555C /* SSEvent.m */; };
		84B78D55216E9C1C0064555C /* SSMonthNode.m in Sources */ = {isa = PBXBuildFile; fileRef = 84B78D15216E9C1C0064555C /* SSMonthNode.m */; };
		84B78D56216E9C1C0064555C /* SSYearNode.m in Sources */ = {isa = PBXBuildFile; fileRef = 84B78D17216E9C1C0064555C /* SSYearNode.m */; };
		84B78D57216E9C1C0064555C /* AboutViewController.swift in Sources */ = {isa = PBXBuildFile; fileRef = 84B78D19216E9C1C0064555C /* AboutViewController.swift */; };
		84B78D58216E9C1C0064555C /* WMBaseVC.swift in Sources */ = {isa = PBXBuildFile; fileRef = 84B78D1B216E9C1C0064555C /* WMBaseVC.swift */; };
		84B78D59216E9C1C0064555C /* EnableExtensionViewController.swift in Sources */ = {isa = PBXBuildFile; fileRef = 84B78D1C216E9C1C0064555C /* EnableExtensionViewController.swift */; };
		84B78D5A216E9C1C0064555C /* FirstContentViewController.swift in Sources */ = {isa = PBXBuildFile; fileRef = 84B78D1D216E9C1C0064555C /* FirstContentViewController.swift */; };
		84B78D5B216E9C1C0064555C /* HelpViewController.swift in Sources */ = {isa = PBXBuildFile; fileRef = 84B78D1E216E9C1C0064555C /* HelpViewController.swift */; };
		84B78D5C216E9C1C0064555C /* HomeViewController.swift in Sources */ = {isa = PBXBuildFile; fileRef = 84B78D1F216E9C1C0064555C /* HomeViewController.swift */; };
		84B78D5F216E9C1C0064555C /* SecondContentViewController.swift in Sources */ = {isa = PBXBuildFile; fileRef = 84B78D22216E9C1C0064555C /* SecondContentViewController.swift */; };
		84B78D60216E9C1C0064555C /* ThirdContentViewController.swift in Sources */ = {isa = PBXBuildFile; fileRef = 84B78D23216E9C1C0064555C /* ThirdContentViewController.swift */; };
		84B78D61216E9C1C0064555C /* UploadVC.swift in Sources */ = {isa = PBXBuildFile; fileRef = 84B78D24216E9C1C0064555C /* UploadVC.swift */; };
		84B78D62216E9C1C0064555C /* WebPageVC.swift in Sources */ = {isa = PBXBuildFile; fileRef = 84B78D25216E9C1C0064555C /* WebPageVC.swift */; };
		84B78D63216E9C1C0064555C /* WMButton.swift in Sources */ = {isa = PBXBuildFile; fileRef = 84B78D28216E9C1C0064555C /* WMButton.swift */; };
		84B78D64216E9C1C0064555C /* WMImageView.swift in Sources */ = {isa = PBXBuildFile; fileRef = 84B78D29216E9C1C0064555C /* WMImageView.swift */; };
		84B78D6C216E9C350064555C /* ArchiveVC.swift in Sources */ = {isa = PBXBuildFile; fileRef = 84B78D69216E9C350064555C /* ArchiveVC.swift */; };
		C37947F923FD3EF0005208AC /* WMConstants.swift in Sources */ = {isa = PBXBuildFile; fileRef = 84B78CB3216E9C1C0064555C /* WMConstants.swift */; };
		D9E695041EF10099007E7551 /* Assets.xcassets in Resources */ = {isa = PBXBuildFile; fileRef = D9E695031EF10099007E7551 /* Assets.xcassets */; };
		D9E695051EF10237007E7551 /* Assets.xcassets in Resources */ = {isa = PBXBuildFile; fileRef = D9E695031EF10099007E7551 /* Assets.xcassets */; };
/* End PBXBuildFile section */

/* Begin PBXContainerItemProxy section */
		84182D631E406B38005AC4B6 /* PBXContainerItemProxy */ = {
			isa = PBXContainerItemProxy;
			containerPortal = 84182D1E1E406B23005AC4B6 /* Project object */;
			proxyType = 1;
			remoteGlobalIDString = 84182D5A1E406B38005AC4B6;
			remoteInfo = WayBackMachine;
		};
/* End PBXContainerItemProxy section */

/* Begin PBXCopyFilesBuildPhase section */
		84182D691E406B38005AC4B6 /* Embed App Extensions */ = {
			isa = PBXCopyFilesBuildPhase;
			buildActionMask = 2147483647;
			dstPath = "";
			dstSubfolderSpec = 13;
			files = (
				84182D651E406B38005AC4B6 /* WayBackMachine.appex in Embed App Extensions */,
			);
			name = "Embed App Extensions";
			runOnlyForDeploymentPostprocessing = 0;
		};
/* End PBXCopyFilesBuildPhase section */

/* Begin PBXFileReference section */
		087BEA49746AFB1BD99C4A18 /* Pods-WMTests.release.xcconfig */ = {isa = PBXFileReference; includeInIndex = 1; lastKnownFileType = text.xcconfig; name = "Pods-WMTests.release.xcconfig"; path = "Pods/Target Support Files/Pods-WMTests/Pods-WMTests.release.xcconfig"; sourceTree = "<group>"; };
		14954F6F624B13221ABA689C /* Pods-WM.release.xcconfig */ = {isa = PBXFileReference; includeInIndex = 1; lastKnownFileType = text.xcconfig; name = "Pods-WM.release.xcconfig"; path = "Pods/Target Support Files/Pods-WM/Pods-WM.release.xcconfig"; sourceTree = "<group>"; };
		191CBDD6548A18A9D46816D7 /* Pods_WM.framework */ = {isa = PBXFileReference; explicitFileType = wrapper.framework; includeInIndex = 0; path = Pods_WM.framework; sourceTree = BUILT_PRODUCTS_DIR; };
		25688761A8FDA47972E9008C /* Pods-WayBackMachine.debug.xcconfig */ = {isa = PBXFileReference; includeInIndex = 1; lastKnownFileType = text.xcconfig; name = "Pods-WayBackMachine.debug.xcconfig"; path = "Pods/Target Support Files/Pods-WayBackMachine/Pods-WayBackMachine.debug.xcconfig"; sourceTree = "<group>"; };
		2F43162BF7EF4EEDE135ACF2 /* Pods_WMTests.framework */ = {isa = PBXFileReference; explicitFileType = wrapper.framework; includeInIndex = 0; path = Pods_WMTests.framework; sourceTree = BUILT_PRODUCTS_DIR; };
		4810A574F3D110BBC377BEB0 /* Pods-WMUITests.debug.xcconfig */ = {isa = PBXFileReference; includeInIndex = 1; lastKnownFileType = text.xcconfig; name = "Pods-WMUITests.debug.xcconfig"; path = "Pods/Target Support Files/Pods-WMUITests/Pods-WMUITests.debug.xcconfig"; sourceTree = "<group>"; };
		4EBF0BCA82BC0F8DE462E351 /* Pods_WMUITests.framework */ = {isa = PBXFileReference; explicitFileType = wrapper.framework; includeInIndex = 0; path = Pods_WMUITests.framework; sourceTree = BUILT_PRODUCTS_DIR; };
		5B26462A10B64F0D85209B16 /* Pods-WMUITests.release.xcconfig */ = {isa = PBXFileReference; includeInIndex = 1; lastKnownFileType = text.xcconfig; name = "Pods-WMUITests.release.xcconfig"; path = "Pods/Target Support Files/Pods-WMUITests/Pods-WMUITests.release.xcconfig"; sourceTree = "<group>"; };
		60726BBF076E0E23487F9522 /* Pods_WayBackMachine.framework */ = {isa = PBXFileReference; explicitFileType = wrapper.framework; includeInIndex = 0; path = Pods_WayBackMachine.framework; sourceTree = BUILT_PRODUCTS_DIR; };
		84182D261E406B23005AC4B6 /* WM.app */ = {isa = PBXFileReference; explicitFileType = wrapper.application; includeInIndex = 0; path = WM.app; sourceTree = BUILT_PRODUCTS_DIR; };
		84182D291E406B23005AC4B6 /* AppDelegate.swift */ = {isa = PBXFileReference; lastKnownFileType = sourcecode.swift; path = AppDelegate.swift; sourceTree = "<group>"; };
		84182D2E1E406B23005AC4B6 /* Base */ = {isa = PBXFileReference; lastKnownFileType = file.storyboard; name = Base; path = Base.lproj/Main.storyboard; sourceTree = "<group>"; };
		84182D331E406B23005AC4B6 /* Base */ = {isa = PBXFileReference; lastKnownFileType = file.storyboard; name = Base; path = Base.lproj/LaunchScreen.storyboard; sourceTree = "<group>"; };
		84182D351E406B23005AC4B6 /* Info.plist */ = {isa = PBXFileReference; lastKnownFileType = text.plist.xml; path = Info.plist; sourceTree = "<group>"; };
		84182D5B1E406B38005AC4B6 /* WayBackMachine.appex */ = {isa = PBXFileReference; explicitFileType = "wrapper.app-extension"; includeInIndex = 0; path = WayBackMachine.appex; sourceTree = BUILT_PRODUCTS_DIR; };
		84182D601E406B38005AC4B6 /* Base */ = {isa = PBXFileReference; lastKnownFileType = file.storyboard; name = Base; path = Base.lproj/MainInterface.storyboard; sourceTree = "<group>"; };
		84182D621E406B38005AC4B6 /* Info.plist */ = {isa = PBXFileReference; lastKnownFileType = text.plist.xml; path = Info.plist; sourceTree = "<group>"; };
		8459A2A321706118002B0AC3 /* ProfileVC.swift */ = {isa = PBXFileReference; lastKnownFileType = sourcecode.swift; path = ProfileVC.swift; sourceTree = "<group>"; };
		846658A3216EAA1A009EB3AD /* WelcomeVC.swift */ = {isa = PBXFileReference; lastKnownFileType = sourcecode.swift; path = WelcomeVC.swift; sourceTree = "<group>"; };
		846658A5216EAA31009EB3AD /* SignupVC.swift */ = {isa = PBXFileReference; lastKnownFileType = sourcecode.swift; path = SignupVC.swift; sourceTree = "<group>"; };
		846658A7216EAA4D009EB3AD /* LoginVC.swift */ = {isa = PBXFileReference; lastKnownFileType = sourcecode.swift; path = LoginVC.swift; sourceTree = "<group>"; };
		846658A9216EAA5C009EB3AD /* ForgotVC.swift */ = {isa = PBXFileReference; lastKnownFileType = sourcecode.swift; path = ForgotVC.swift; sourceTree = "<group>"; };
		846658AB216EB715009EB3AD /* WMView.swift */ = {isa = PBXFileReference; lastKnownFileType = sourcecode.swift; path = WMView.swift; sourceTree = "<group>"; };
		846658AF216F2E42009EB3AD /* SkyFloatingLabelTextField.swift */ = {isa = PBXFileReference; fileEncoding = 4; lastKnownFileType = sourcecode.swift; path = SkyFloatingLabelTextField.swift; sourceTree = "<group>"; };
		846658B0216F2E42009EB3AD /* SkyFloatingLabelTextFieldWithIcon.swift */ = {isa = PBXFileReference; fileEncoding = 4; lastKnownFileType = sourcecode.swift; path = SkyFloatingLabelTextFieldWithIcon.swift; sourceTree = "<group>"; };
		846658B1216F2E42009EB3AD /* UITextField+fixCaretPosition.swift */ = {isa = PBXFileReference; fileEncoding = 4; lastKnownFileType = sourcecode.swift; path = "UITextField+fixCaretPosition.swift"; sourceTree = "<group>"; };
		849DFA87232156EF0084CDD0 /* ShareVC.swift */ = {isa = PBXFileReference; lastKnownFileType = sourcecode.swift; path = ShareVC.swift; sourceTree = "<group>"; };
		84B78CB1216E9C1C0064555C /* StringExtensions.swift */ = {isa = PBXFileReference; fileEncoding = 4; lastKnownFileType = sourcecode.swift; path = StringExtensions.swift; sourceTree = "<group>"; };
		84B78CB2216E9C1C0064555C /* WMAPIManager.swift */ = {isa = PBXFileReference; fileEncoding = 4; lastKnownFileType = sourcecode.swift; path = WMAPIManager.swift; sourceTree = "<group>"; };
		84B78CB3216E9C1C0064555C /* WMConstants.swift */ = {isa = PBXFileReference; fileEncoding = 4; lastKnownFileType = sourcecode.swift; path = WMConstants.swift; sourceTree = "<group>"; };
		84B78CB4216E9C1C0064555C /* WMGlobal.swift */ = {isa = PBXFileReference; fileEncoding = 4; lastKnownFileType = sourcecode.swift; path = WMGlobal.swift; sourceTree = "<group>"; };
		84B78CB8216E9C1C0064555C /* SSCalendar.bundle */ = {isa = PBXFileReference; lastKnownFileType = "wrapper.plug-in"; path = SSCalendar.bundle; sourceTree = "<group>"; };
		84B78CBB216E9C1C0064555C /* SSCalendarUtils.h */ = {isa = PBXFileReference; fileEncoding = 4; lastKnownFileType = sourcecode.c.h; path = SSCalendarUtils.h; sourceTree = "<group>"; };
		84B78CBC216E9C1C0064555C /* SSCalendarUtils.m */ = {isa = PBXFileReference; fileEncoding = 4; lastKnownFileType = sourcecode.c.objc; path = SSCalendarUtils.m; sourceTree = "<group>"; };
		84B78CBD216E9C1C0064555C /* SSColors.h */ = {isa = PBXFileReference; fileEncoding = 4; lastKnownFileType = sourcecode.c.h; path = SSColors.h; sourceTree = "<group>"; };
		84B78CBE216E9C1C0064555C /* SSConstants.h */ = {isa = PBXFileReference; fileEncoding = 4; lastKnownFileType = sourcecode.c.h; path = SSConstants.h; sourceTree = "<group>"; };
		84B78CBF216E9C1C0064555C /* SSDataController.h */ = {isa = PBXFileReference; fileEncoding = 4; lastKnownFileType = sourcecode.c.h; path = SSDataController.h; sourceTree = "<group>"; };
		84B78CC0216E9C1C0064555C /* SSDataController.m */ = {isa = PBXFileReference; fileEncoding = 4; lastKnownFileType = sourcecode.c.objc; path = SSDataController.m; sourceTree = "<group>"; };
		84B78CC1216E9C1C0064555C /* SSDimensions.h */ = {isa = PBXFileReference; fileEncoding = 4; lastKnownFileType = sourcecode.c.h; path = SSDimensions.h; sourceTree = "<group>"; };
		84B78CC2216E9C1C0064555C /* SSDimensions.m */ = {isa = PBXFileReference; fileEncoding = 4; lastKnownFileType = sourcecode.c.objc; path = SSDimensions.m; sourceTree = "<group>"; };
		84B78CC3216E9C1C0064555C /* SSStyles.h */ = {isa = PBXFileReference; fileEncoding = 4; lastKnownFileType = sourcecode.c.h; path = SSStyles.h; sourceTree = "<group>"; };
		84B78CC4216E9C1C0064555C /* SSStyles.m */ = {isa = PBXFileReference; fileEncoding = 4; lastKnownFileType = sourcecode.c.objc; path = SSStyles.m; sourceTree = "<group>"; };
		84B78CC5216E9C1C0064555C /* StellarConversionUtils.h */ = {isa = PBXFileReference; fileEncoding = 4; lastKnownFileType = sourcecode.c.h; path = StellarConversionUtils.h; sourceTree = "<group>"; };
		84B78CC6216E9C1C0064555C /* StellarConversionUtils.m */ = {isa = PBXFileReference; fileEncoding = 4; lastKnownFileType = sourcecode.c.objc; path = StellarConversionUtils.m; sourceTree = "<group>"; };
		84B78CC7216E9C1C0064555C /* UIColor+StellarAdditions.h */ = {isa = PBXFileReference; fileEncoding = 4; lastKnownFileType = sourcecode.c.h; path = "UIColor+StellarAdditions.h"; sourceTree = "<group>"; };
		84B78CC8216E9C1C0064555C /* UIColor+StellarAdditions.m */ = {isa = PBXFileReference; fileEncoding = 4; lastKnownFileType = sourcecode.c.objc; path = "UIColor+StellarAdditions.m"; sourceTree = "<group>"; };
		84B78CCA216E9C1C0064555C /* SSCalendarDayCell.h */ = {isa = PBXFileReference; fileEncoding = 4; lastKnownFileType = sourcecode.c.h; path = SSCalendarDayCell.h; sourceTree = "<group>"; };
		84B78CCB216E9C1C0064555C /* SSCalendarDayCell.m */ = {isa = PBXFileReference; fileEncoding = 4; lastKnownFileType = sourcecode.c.objc; path = SSCalendarDayCell.m; sourceTree = "<group>"; };
		84B78CCC216E9C1C0064555C /* SSCalendarDayCell.xib */ = {isa = PBXFileReference; fileEncoding = 4; lastKnownFileType = file.xib; path = SSCalendarDayCell.xib; sourceTree = "<group>"; };
		84B78CD0216E9C1C0064555C /* SSCalendarEventsCell.h */ = {isa = PBXFileReference; fileEncoding = 4; lastKnownFileType = sourcecode.c.h; path = SSCalendarEventsCell.h; sourceTree = "<group>"; };
		84B78CD1216E9C1C0064555C /* SSCalendarEventsCell.m */ = {isa = PBXFileReference; fileEncoding = 4; lastKnownFileType = sourcecode.c.objc; path = SSCalendarEventsCell.m; sourceTree = "<group>"; };
		84B78CD2216E9C1C0064555C /* SSCalendarEventsCell.xib */ = {isa = PBXFileReference; fileEncoding = 4; lastKnownFileType = file.xib; path = SSCalendarEventsCell.xib; sourceTree = "<group>"; };
		84B78CD3216E9C1C0064555C /* SSCalendarEventTableViewCell.h */ = {isa = PBXFileReference; fileEncoding = 4; lastKnownFileType = sourcecode.c.h; path = SSCalendarEventTableViewCell.h; sourceTree = "<group>"; };
		84B78CD4216E9C1C0064555C /* SSCalendarEventTableViewCell.m */ = {isa = PBXFileReference; fileEncoding = 4; lastKnownFileType = sourcecode.c.objc; path = SSCalendarEventTableViewCell.m; sourceTree = "<group>"; };
		84B78CD6216E9C1C0064555C /* SSCalendarDayViewController.h */ = {isa = PBXFileReference; fileEncoding = 4; lastKnownFileType = sourcecode.c.h; path = SSCalendarDayViewController.h; sourceTree = "<group>"; };
		84B78CD7216E9C1C0064555C /* SSCalendarDayViewController.m */ = {isa = PBXFileReference; fileEncoding = 4; lastKnownFileType = sourcecode.c.objc; path = SSCalendarDayViewController.m; sourceTree = "<group>"; };
		84B78CD8216E9C1C0064555C /* SSCalendarEventsTableViewController.h */ = {isa = PBXFileReference; fileEncoding = 4; lastKnownFileType = sourcecode.c.h; path = SSCalendarEventsTableViewController.h; sourceTree = "<group>"; };
		84B78CD9216E9C1C0064555C /* SSCalendarEventsTableViewController.m */ = {isa = PBXFileReference; fileEncoding = 4; lastKnownFileType = sourcecode.c.objc; path = SSCalendarEventsTableViewController.m; sourceTree = "<group>"; };
		84B78CDA216E9C1C0064555C /* SSCalendarWeekHeaderView.h */ = {isa = PBXFileReference; fileEncoding = 4; lastKnownFileType = sourcecode.c.h; path = SSCalendarWeekHeaderView.h; sourceTree = "<group>"; };
		84B78CDB216E9C1C0064555C /* SSCalendarWeekHeaderView.m */ = {isa = PBXFileReference; fileEncoding = 4; lastKnownFileType = sourcecode.c.objc; path = SSCalendarWeekHeaderView.m; sourceTree = "<group>"; };
		84B78CDC216E9C1C0064555C /* SSCalendarWeekViewController.h */ = {isa = PBXFileReference; fileEncoding = 4; lastKnownFileType = sourcecode.c.h; path = SSCalendarWeekViewController.h; sourceTree = "<group>"; };
		84B78CDD216E9C1C0064555C /* SSCalendarWeekViewController.m */ = {isa = PBXFileReference; fileEncoding = 4; lastKnownFileType = sourcecode.c.objc; path = SSCalendarWeekViewController.m; sourceTree = "<group>"; };
		84B78CDF216E9C1C0064555C /* SSCalendarDayLayout.h */ = {isa = PBXFileReference; fileEncoding = 4; lastKnownFileType = sourcecode.c.h; path = SSCalendarDayLayout.h; sourceTree = "<group>"; };
		84B78CE0216E9C1C0064555C /* SSCalendarDayLayout.m */ = {isa = PBXFileReference; fileEncoding = 4; lastKnownFileType = sourcecode.c.objc; path = SSCalendarDayLayout.m; sourceTree = "<group>"; };
		84B78CE1216E9C1C0064555C /* SSCalendarWeekLayout.h */ = {isa = PBXFileReference; fileEncoding = 4; lastKnownFileType = sourcecode.c.h; path = SSCalendarWeekLayout.h; sourceTree = "<group>"; };
		84B78CE2216E9C1C0064555C /* SSCalendarWeekLayout.m */ = {isa = PBXFileReference; fileEncoding = 4; lastKnownFileType = sourcecode.c.objc; path = SSCalendarWeekLayout.m; sourceTree = "<group>"; };
		84B78CE4216E9C1C0064555C /* SSCalendarDailyViewController.h */ = {isa = PBXFileReference; fileEncoding = 4; lastKnownFileType = sourcecode.c.h; path = SSCalendarDailyViewController.h; sourceTree = "<group>"; };
		84B78CE5216E9C1C0064555C /* SSCalendarDailyViewController.m */ = {isa = PBXFileReference; fileEncoding = 4; lastKnownFileType = sourcecode.c.objc; path = SSCalendarDailyViewController.m; sourceTree = "<group>"; };
		84B78CE6216E9C1C0064555C /* SSCalendarDailyViewController.xib */ = {isa = PBXFileReference; fileEncoding = 4; lastKnownFileType = file.xib; path = SSCalendarDailyViewController.xib; sourceTree = "<group>"; };
		84B78CE9216E9C1C0064555C /* SSCalendarMonthlyDataSource.h */ = {isa = PBXFileReference; fileEncoding = 4; lastKnownFileType = sourcecode.c.h; path = SSCalendarMonthlyDataSource.h; sourceTree = "<group>"; };
		84B78CEA216E9C1C0064555C /* SSCalendarMonthlyDataSource.m */ = {isa = PBXFileReference; fileEncoding = 4; lastKnownFileType = sourcecode.c.objc; path = SSCalendarMonthlyDataSource.m; sourceTree = "<group>"; };
		84B78CEC216E9C1C0064555C /* SSCalendarMonthlyLayout.h */ = {isa = PBXFileReference; fileEncoding = 4; lastKnownFileType = sourcecode.c.h; path = SSCalendarMonthlyLayout.h; sourceTree = "<group>"; };
		84B78CED216E9C1C0064555C /* SSCalendarMonthlyLayout.m */ = {isa = PBXFileReference; fileEncoding = 4; lastKnownFileType = sourcecode.c.objc; path = SSCalendarMonthlyLayout.m; sourceTree = "<group>"; };
		84B78CEF216E9C1C0064555C /* SSCalendarMonthlyViewController.h */ = {isa = PBXFileReference; fileEncoding = 4; lastKnownFileType = sourcecode.c.h; path = SSCalendarMonthlyViewController.h; sourceTree = "<group>"; };
		84B78CF0216E9C1C0064555C /* SSCalendarMonthlyViewController.m */ = {isa = PBXFileReference; fileEncoding = 4; lastKnownFileType = sourcecode.c.objc; path = SSCalendarMonthlyViewController.m; sourceTree = "<group>"; };
		84B78CF1216E9C1C0064555C /* SSCalendarMonthlyViewController.xib */ = {isa = PBXFileReference; fileEncoding = 4; lastKnownFileType = file.xib; path = SSCalendarMonthlyViewController.xib; sourceTree = "<group>"; };
		84B78CF3216E9C1C0064555C /* SSCalendarMonthlyHeaderView.h */ = {isa = PBXFileReference; fileEncoding = 4; lastKnownFileType = sourcecode.c.h; path = SSCalendarMonthlyHeaderView.h; sourceTree = "<group>"; };
		84B78CF4216E9C1C0064555C /* SSCalendarMonthlyHeaderView.m */ = {isa = PBXFileReference; fileEncoding = 4; lastKnownFileType = sourcecode.c.objc; path = SSCalendarMonthlyHeaderView.m; sourceTree = "<group>"; };
		84B78CF5216E9C1C0064555C /* SSCalendarMonthlyHeaderView.xib */ = {isa = PBXFileReference; fileEncoding = 4; lastKnownFileType = file.xib; path = SSCalendarMonthlyHeaderView.xib; sourceTree = "<group>"; };
		84B78CF8216E9C1C0064555C /* SSCalendarAnnualCell.h */ = {isa = PBXFileReference; fileEncoding = 4; lastKnownFileType = sourcecode.c.h; path = SSCalendarAnnualCell.h; sourceTree = "<group>"; };
		84B78CF9216E9C1C0064555C /* SSCalendarAnnualCell.m */ = {isa = PBXFileReference; fileEncoding = 4; lastKnownFileType = sourcecode.c.objc; path = SSCalendarAnnualCell.m; sourceTree = "<group>"; };
		84B78CFA216E9C1C0064555C /* SSCalendarAnnualCell.xib */ = {isa = PBXFileReference; fileEncoding = 4; lastKnownFileType = file.xib; path = SSCalendarAnnualCell.xib; sourceTree = "<group>"; };
		84B78CFC216E9C1C0064555C /* SSCalendarAnnualDataSource.h */ = {isa = PBXFileReference; fileEncoding = 4; lastKnownFileType = sourcecode.c.h; path = SSCalendarAnnualDataSource.h; sourceTree = "<group>"; };
		84B78CFD216E9C1C0064555C /* SSCalendarAnnualDataSource.m */ = {isa = PBXFileReference; fileEncoding = 4; lastKnownFileType = sourcecode.c.objc; path = SSCalendarAnnualDataSource.m; sourceTree = "<group>"; };
		84B78CFF216E9C1C0064555C /* SSCalendarAnnualLayout.h */ = {isa = PBXFileReference; fileEncoding = 4; lastKnownFileType = sourcecode.c.h; path = SSCalendarAnnualLayout.h; sourceTree = "<group>"; };
		84B78D00216E9C1C0064555C /* SSCalendarAnnualLayout.m */ = {isa = PBXFileReference; fileEncoding = 4; lastKnownFileType = sourcecode.c.objc; path = SSCalendarAnnualLayout.m; sourceTree = "<group>"; };
		84B78D02216E9C1C0064555C /* SSCalendarAnnualViewController.h */ = {isa = PBXFileReference; fileEncoding = 4; lastKnownFileType = sourcecode.c.h; path = SSCalendarAnnualViewController.h; sourceTree = "<group>"; };
		84B78D03216E9C1C0064555C /* SSCalendarAnnualViewController.m */ = {isa = PBXFileReference; fileEncoding = 4; lastKnownFileType = sourcecode.c.objc; path = SSCalendarAnnualViewController.m; sourceTree = "<group>"; };
		84B78D04216E9C1C0064555C /* SSCalendarAnnualViewController.xib */ = {isa = PBXFileReference; fileEncoding = 4; lastKnownFileType = file.xib; path = SSCalendarAnnualViewController.xib; sourceTree = "<group>"; };
		84B78D06216E9C1C0064555C /* SSCalendarAnnualHeaderView.h */ = {isa = PBXFileReference; fileEncoding = 4; lastKnownFileType = sourcecode.c.h; path = SSCalendarAnnualHeaderView.h; sourceTree = "<group>"; };
		84B78D07216E9C1C0064555C /* SSCalendarAnnualHeaderView.m */ = {isa = PBXFileReference; fileEncoding = 4; lastKnownFileType = sourcecode.c.objc; path = SSCalendarAnnualHeaderView.m; sourceTree = "<group>"; };
		84B78D08216E9C1C0064555C /* SSCalendarAnnualHeaderView.xib */ = {isa = PBXFileReference; fileEncoding = 4; lastKnownFileType = file.xib; path = SSCalendarAnnualHeaderView.xib; sourceTree = "<group>"; };
		84B78D0A216E9C1C0064555C /* SSCache.h */ = {isa = PBXFileReference; fileEncoding = 4; lastKnownFileType = sourcecode.c.h; path = SSCache.h; sourceTree = "<group>"; };
		84B78D0B216E9C1C0064555C /* SSCache.m */ = {isa = PBXFileReference; fileEncoding = 4; lastKnownFileType = sourcecode.c.objc; path = SSCache.m; sourceTree = "<group>"; };
		84B78D0C216E9C1C0064555C /* SSCalendarCache.h */ = {isa = PBXFileReference; fileEncoding = 4; lastKnownFileType = sourcecode.c.h; path = SSCalendarCache.h; sourceTree = "<group>"; };
		84B78D0D216E9C1C0064555C /* SSCalendarCache.m */ = {isa = PBXFileReference; fileEncoding = 4; lastKnownFileType = sourcecode.c.objc; path = SSCalendarCache.m; sourceTree = "<group>"; };
		84B78D0E216E9C1C0064555C /* SSCalendarCountCache.h */ = {isa = PBXFileReference; fileEncoding = 4; lastKnownFileType = sourcecode.c.h; path = SSCalendarCountCache.h; sourceTree = "<group>"; };
		84B78D0F216E9C1C0064555C /* SSCalendarCountCache.m */ = {isa = PBXFileReference; fileEncoding = 4; lastKnownFileType = sourcecode.c.objc; path = SSCalendarCountCache.m; sourceTree = "<group>"; };
		84B78D10216E9C1C0064555C /* SSDayNode.h */ = {isa = PBXFileReference; fileEncoding = 4; lastKnownFileType = sourcecode.c.h; path = SSDayNode.h; sourceTree = "<group>"; };
		84B78D11216E9C1C0064555C /* SSDayNode.m */ = {isa = PBXFileReference; fileEncoding = 4; lastKnownFileType = sourcecode.c.objc; path = SSDayNode.m; sourceTree = "<group>"; };
		84B78D12216E9C1C0064555C /* SSEvent.h */ = {isa = PBXFileReference; fileEncoding = 4; lastKnownFileType = sourcecode.c.h; path = SSEvent.h; sourceTree = "<group>"; };
		84B78D13216E9C1C0064555C /* SSEvent.m */ = {isa = PBXFileReference; fileEncoding = 4; lastKnownFileType = sourcecode.c.objc; path = SSEvent.m; sourceTree = "<group>"; };
		84B78D14216E9C1C0064555C /* SSMonthNode.h */ = {isa = PBXFileReference; fileEncoding = 4; lastKnownFileType = sourcecode.c.h; path = SSMonthNode.h; sourceTree = "<group>"; };
		84B78D15216E9C1C0064555C /* SSMonthNode.m */ = {isa = PBXFileReference; fileEncoding = 4; lastKnownFileType = sourcecode.c.objc; path = SSMonthNode.m; sourceTree = "<group>"; };
		84B78D16216E9C1C0064555C /* SSYearNode.h */ = {isa = PBXFileReference; fileEncoding = 4; lastKnownFileType = sourcecode.c.h; path = SSYearNode.h; sourceTree = "<group>"; };
		84B78D17216E9C1C0064555C /* SSYearNode.m */ = {isa = PBXFileReference; fileEncoding = 4; lastKnownFileType = sourcecode.c.objc; path = SSYearNode.m; sourceTree = "<group>"; };
		84B78D19216E9C1C0064555C /* AboutViewController.swift */ = {isa = PBXFileReference; fileEncoding = 4; lastKnownFileType = sourcecode.swift; path = AboutViewController.swift; sourceTree = "<group>"; };
		84B78D1B216E9C1C0064555C /* WMBaseVC.swift */ = {isa = PBXFileReference; fileEncoding = 4; lastKnownFileType = sourcecode.swift; path = WMBaseVC.swift; sourceTree = "<group>"; };
		84B78D1C216E9C1C0064555C /* EnableExtensionViewController.swift */ = {isa = PBXFileReference; fileEncoding = 4; lastKnownFileType = sourcecode.swift; path = EnableExtensionViewController.swift; sourceTree = "<group>"; };
		84B78D1D216E9C1C0064555C /* FirstContentViewController.swift */ = {isa = PBXFileReference; fileEncoding = 4; lastKnownFileType = sourcecode.swift; path = FirstContentViewController.swift; sourceTree = "<group>"; };
		84B78D1E216E9C1C0064555C /* HelpViewController.swift */ = {isa = PBXFileReference; fileEncoding = 4; lastKnownFileType = sourcecode.swift; path = HelpViewController.swift; sourceTree = "<group>"; };
		84B78D1F216E9C1C0064555C /* HomeViewController.swift */ = {isa = PBXFileReference; fileEncoding = 4; lastKnownFileType = sourcecode.swift; path = HomeViewController.swift; sourceTree = "<group>"; };
		84B78D22216E9C1C0064555C /* SecondContentViewController.swift */ = {isa = PBXFileReference; fileEncoding = 4; lastKnownFileType = sourcecode.swift; path = SecondContentViewController.swift; sourceTree = "<group>"; };
		84B78D23216E9C1C0064555C /* ThirdContentViewController.swift */ = {isa = PBXFileReference; fileEncoding = 4; lastKnownFileType = sourcecode.swift; path = ThirdContentViewController.swift; sourceTree = "<group>"; };
		84B78D24216E9C1C0064555C /* UploadVC.swift */ = {isa = PBXFileReference; fileEncoding = 4; lastKnownFileType = sourcecode.swift; path = UploadVC.swift; sourceTree = "<group>"; };
		84B78D25216E9C1C0064555C /* WebPageVC.swift */ = {isa = PBXFileReference; fileEncoding = 4; lastKnownFileType = sourcecode.swift; path = WebPageVC.swift; sourceTree = "<group>"; };
		84B78D28216E9C1C0064555C /* WMButton.swift */ = {isa = PBXFileReference; fileEncoding = 4; lastKnownFileType = sourcecode.swift; path = WMButton.swift; sourceTree = "<group>"; };
		84B78D29216E9C1C0064555C /* WMImageView.swift */ = {isa = PBXFileReference; fileEncoding = 4; lastKnownFileType = sourcecode.swift; path = WMImageView.swift; sourceTree = "<group>"; };
		84B78D69216E9C350064555C /* ArchiveVC.swift */ = {isa = PBXFileReference; fileEncoding = 4; lastKnownFileType = sourcecode.swift; path = ArchiveVC.swift; sourceTree = "<group>"; };
		89D88856FD532D6BFF913203 /* Pods-WayBackMachine.release.xcconfig */ = {isa = PBXFileReference; includeInIndex = 1; lastKnownFileType = text.xcconfig; name = "Pods-WayBackMachine.release.xcconfig"; path = "Pods/Target Support Files/Pods-WayBackMachine/Pods-WayBackMachine.release.xcconfig"; sourceTree = "<group>"; };
		A3F078DE272FCBC36C039CE2 /* Pods-WM.debug.xcconfig */ = {isa = PBXFileReference; includeInIndex = 1; lastKnownFileType = text.xcconfig; name = "Pods-WM.debug.xcconfig"; path = "Pods/Target Support Files/Pods-WM/Pods-WM.debug.xcconfig"; sourceTree = "<group>"; };
		C3D439EE1F8FEC7500B50A33 /* WM-Swift.h */ = {isa = PBXFileReference; fileEncoding = 4; lastKnownFileType = sourcecode.c.h; path = "WM-Swift.h"; sourceTree = "<group>"; };
		C3F8A7D41F8F60D8003DEC35 /* WM-BridgingHeader.h */ = {isa = PBXFileReference; fileEncoding = 4; lastKnownFileType = sourcecode.c.h; path = "WM-BridgingHeader.h"; sourceTree = "<group>"; };
		D92DEBE31EE644570052DB4F /* WayBackMachine.entitlements */ = {isa = PBXFileReference; lastKnownFileType = text.plist.entitlements; path = WayBackMachine.entitlements; sourceTree = "<group>"; };
		D92DEBE41EE644920052DB4F /* WM.entitlements */ = {isa = PBXFileReference; lastKnownFileType = text.plist.entitlements; path = WM.entitlements; sourceTree = "<group>"; };
		D9E695031EF10099007E7551 /* Assets.xcassets */ = {isa = PBXFileReference; lastKnownFileType = folder.assetcatalog; path = Assets.xcassets; sourceTree = "<group>"; };
		DEFA5BD8169AD0A18D567841 /* Pods-WMTests.debug.xcconfig */ = {isa = PBXFileReference; includeInIndex = 1; lastKnownFileType = text.xcconfig; name = "Pods-WMTests.debug.xcconfig"; path = "Pods/Target Support Files/Pods-WMTests/Pods-WMTests.debug.xcconfig"; sourceTree = "<group>"; };
/* End PBXFileReference section */

/* Begin PBXFrameworksBuildPhase section */
		84182D231E406B23005AC4B6 /* Frameworks */ = {
			isa = PBXFrameworksBuildPhase;
			buildActionMask = 2147483647;
			files = (
				51021910C2771C1B5628B0FE /* Pods_WM.framework in Frameworks */,
			);
			runOnlyForDeploymentPostprocessing = 0;
		};
		84182D581E406B38005AC4B6 /* Frameworks */ = {
			isa = PBXFrameworksBuildPhase;
			buildActionMask = 2147483647;
			files = (
				7CDAEBB3561E1D09F43DE150 /* Pods_WayBackMachine.framework in Frameworks */,
			);
			runOnlyForDeploymentPostprocessing = 0;
		};
/* End PBXFrameworksBuildPhase section */

/* Begin PBXGroup section */
		42B143E111AB8B5D197BD349 /* Pods */ = {
			isa = PBXGroup;
			children = (
				A3F078DE272FCBC36C039CE2 /* Pods-WM.debug.xcconfig */,
				14954F6F624B13221ABA689C /* Pods-WM.release.xcconfig */,
				DEFA5BD8169AD0A18D567841 /* Pods-WMTests.debug.xcconfig */,
				087BEA49746AFB1BD99C4A18 /* Pods-WMTests.release.xcconfig */,
				4810A574F3D110BBC377BEB0 /* Pods-WMUITests.debug.xcconfig */,
				5B26462A10B64F0D85209B16 /* Pods-WMUITests.release.xcconfig */,
				25688761A8FDA47972E9008C /* Pods-WayBackMachine.debug.xcconfig */,
				89D88856FD532D6BFF913203 /* Pods-WayBackMachine.release.xcconfig */,
			);
			name = Pods;
			sourceTree = "<group>";
		};
		71183B6AA2D2F6AC6D325059 /* Frameworks */ = {
			isa = PBXGroup;
			children = (
				191CBDD6548A18A9D46816D7 /* Pods_WM.framework */,
				2F43162BF7EF4EEDE135ACF2 /* Pods_WMTests.framework */,
				4EBF0BCA82BC0F8DE462E351 /* Pods_WMUITests.framework */,
				60726BBF076E0E23487F9522 /* Pods_WayBackMachine.framework */,
			);
			name = Frameworks;
			sourceTree = "<group>";
		};
		84182D1D1E406B23005AC4B6 = {
			isa = PBXGroup;
			children = (
				84182D281E406B23005AC4B6 /* WM */,
				84182D5C1E406B38005AC4B6 /* WayBackMachine */,
				84182D271E406B23005AC4B6 /* Products */,
				42B143E111AB8B5D197BD349 /* Pods */,
				71183B6AA2D2F6AC6D325059 /* Frameworks */,
			);
			sourceTree = "<group>";
		};
		84182D271E406B23005AC4B6 /* Products */ = {
			isa = PBXGroup;
			children = (
				84182D261E406B23005AC4B6 /* WM.app */,
				84182D5B1E406B38005AC4B6 /* WayBackMachine.appex */,
			);
			name = Products;
			sourceTree = "<group>";
		};
		84182D281E406B23005AC4B6 /* WM */ = {
			isa = PBXGroup;
			children = (
				D9E695031EF10099007E7551 /* Assets.xcassets */,
				D92DEBE41EE644920052DB4F /* WM.entitlements */,
				C3F8A7D41F8F60D8003DEC35 /* WM-BridgingHeader.h */,
				C3D439EE1F8FEC7500B50A33 /* WM-Swift.h */,
				84182D291E406B23005AC4B6 /* AppDelegate.swift */,
				84182D2D1E406B23005AC4B6 /* Main.storyboard */,
				84182D321E406B23005AC4B6 /* LaunchScreen.storyboard */,
				84182D351E406B23005AC4B6 /* Info.plist */,
				84B78CAE216E9C1C0064555C /* Classes */,
			);
			path = WM;
			sourceTree = "<group>";
		};
		84182D5C1E406B38005AC4B6 /* WayBackMachine */ = {
			isa = PBXGroup;
			children = (
				D92DEBE31EE644570052DB4F /* WayBackMachine.entitlements */,
				84182D5F1E406B38005AC4B6 /* MainInterface.storyboard */,
				84182D621E406B38005AC4B6 /* Info.plist */,
				84B78D65216E9C350064555C /* Classes */,
			);
			path = WayBackMachine;
			sourceTree = "<group>";
		};
		846658AE216F2E42009EB3AD /* SkyFloatingLabelTextField */ = {
			isa = PBXGroup;
			children = (
				846658AF216F2E42009EB3AD /* SkyFloatingLabelTextField.swift */,
				846658B0216F2E42009EB3AD /* SkyFloatingLabelTextFieldWithIcon.swift */,
				846658B1216F2E42009EB3AD /* UITextField+fixCaretPosition.swift */,
			);
			path = SkyFloatingLabelTextField;
			sourceTree = "<group>";
		};
		84B78CAE216E9C1C0064555C /* Classes */ = {
			isa = PBXGroup;
			children = (
				84B78CAF216E9C1C0064555C /* Global */,
				84B78CB5216E9C1C0064555C /* Libraries */,
				84B78D18216E9C1C0064555C /* ViewControllers */,
				84B78D26216E9C1C0064555C /* Views */,
			);
			path = Classes;
			sourceTree = "<group>";
		};
		84B78CAF216E9C1C0064555C /* Global */ = {
			isa = PBXGroup;
			children = (
				84B78CB0216E9C1C0064555C /* Extension */,
				84B78CB2216E9C1C0064555C /* WMAPIManager.swift */,
				84B78CB3216E9C1C0064555C /* WMConstants.swift */,
				84B78CB4216E9C1C0064555C /* WMGlobal.swift */,
			);
			path = Global;
			sourceTree = "<group>";
		};
		84B78CB0216E9C1C0064555C /* Extension */ = {
			isa = PBXGroup;
			children = (
				84B78CB1216E9C1C0064555C /* StringExtensions.swift */,
				846658AB216EB715009EB3AD /* WMView.swift */,
			);
			path = Extension;
			sourceTree = "<group>";
		};
		84B78CB5216E9C1C0064555C /* Libraries */ = {
			isa = PBXGroup;
			children = (
				846658AE216F2E42009EB3AD /* SkyFloatingLabelTextField */,
				84B78CB6216E9C1C0064555C /* WMCalendar */,
			);
			path = Libraries;
			sourceTree = "<group>";
		};
		84B78CB6216E9C1C0064555C /* WMCalendar */ = {
			isa = PBXGroup;
			children = (
				84B78CB7216E9C1C0064555C /* Assets */,
				84B78CB9216E9C1C0064555C /* Classes */,
			);
			path = WMCalendar;
			sourceTree = "<group>";
		};
		84B78CB7216E9C1C0064555C /* Assets */ = {
			isa = PBXGroup;
			children = (
				84B78CB8216E9C1C0064555C /* SSCalendar.bundle */,
			);
			path = Assets;
			sourceTree = "<group>";
		};
		84B78CB9216E9C1C0064555C /* Classes */ = {
			isa = PBXGroup;
			children = (
				84B78CBA216E9C1C0064555C /* Base */,
				84B78CC9216E9C1C0064555C /* Collection View Cells */,
				84B78CCD216E9C1C0064555C /* Controllers */,
				84B78D09216E9C1C0064555C /* Models */,
			);
			path = Classes;
			sourceTree = "<group>";
		};
		84B78CBA216E9C1C0064555C /* Base */ = {
			isa = PBXGroup;
			children = (
				84B78CBB216E9C1C0064555C /* SSCalendarUtils.h */,
				84B78CBC216E9C1C0064555C /* SSCalendarUtils.m */,
				84B78CBD216E9C1C0064555C /* SSColors.h */,
				84B78CBE216E9C1C0064555C /* SSConstants.h */,
				84B78CBF216E9C1C0064555C /* SSDataController.h */,
				84B78CC0216E9C1C0064555C /* SSDataController.m */,
				84B78CC1216E9C1C0064555C /* SSDimensions.h */,
				84B78CC2216E9C1C0064555C /* SSDimensions.m */,
				84B78CC3216E9C1C0064555C /* SSStyles.h */,
				84B78CC4216E9C1C0064555C /* SSStyles.m */,
				84B78CC5216E9C1C0064555C /* StellarConversionUtils.h */,
				84B78CC6216E9C1C0064555C /* StellarConversionUtils.m */,
				84B78CC7216E9C1C0064555C /* UIColor+StellarAdditions.h */,
				84B78CC8216E9C1C0064555C /* UIColor+StellarAdditions.m */,
			);
			path = Base;
			sourceTree = "<group>";
		};
		84B78CC9216E9C1C0064555C /* Collection View Cells */ = {
			isa = PBXGroup;
			children = (
				84B78CCA216E9C1C0064555C /* SSCalendarDayCell.h */,
				84B78CCB216E9C1C0064555C /* SSCalendarDayCell.m */,
				84B78CCC216E9C1C0064555C /* SSCalendarDayCell.xib */,
			);
			path = "Collection View Cells";
			sourceTree = "<group>";
		};
		84B78CCD216E9C1C0064555C /* Controllers */ = {
			isa = PBXGroup;
			children = (
				84B78CCE216E9C1C0064555C /* Day */,
				84B78CE7216E9C1C0064555C /* Month */,
				84B78CF6216E9C1C0064555C /* Year */,
			);
			path = Controllers;
			sourceTree = "<group>";
		};
		84B78CCE216E9C1C0064555C /* Day */ = {
			isa = PBXGroup;
			children = (
				84B78CCF216E9C1C0064555C /* Cells */,
				84B78CD5216E9C1C0064555C /* Controllers */,
				84B78CDE216E9C1C0064555C /* Layouts */,
				84B78CE3216E9C1C0064555C /* ViewControllers */,
			);
			path = Day;
			sourceTree = "<group>";
		};
		84B78CCF216E9C1C0064555C /* Cells */ = {
			isa = PBXGroup;
			children = (
				84B78CD0216E9C1C0064555C /* SSCalendarEventsCell.h */,
				84B78CD1216E9C1C0064555C /* SSCalendarEventsCell.m */,
				84B78CD2216E9C1C0064555C /* SSCalendarEventsCell.xib */,
				84B78CD3216E9C1C0064555C /* SSCalendarEventTableViewCell.h */,
				84B78CD4216E9C1C0064555C /* SSCalendarEventTableViewCell.m */,
			);
			path = Cells;
			sourceTree = "<group>";
		};
		84B78CD5216E9C1C0064555C /* Controllers */ = {
			isa = PBXGroup;
			children = (
				84B78CD6216E9C1C0064555C /* SSCalendarDayViewController.h */,
				84B78CD7216E9C1C0064555C /* SSCalendarDayViewController.m */,
				84B78CD8216E9C1C0064555C /* SSCalendarEventsTableViewController.h */,
				84B78CD9216E9C1C0064555C /* SSCalendarEventsTableViewController.m */,
				84B78CDA216E9C1C0064555C /* SSCalendarWeekHeaderView.h */,
				84B78CDB216E9C1C0064555C /* SSCalendarWeekHeaderView.m */,
				84B78CDC216E9C1C0064555C /* SSCalendarWeekViewController.h */,
				84B78CDD216E9C1C0064555C /* SSCalendarWeekViewController.m */,
			);
			path = Controllers;
			sourceTree = "<group>";
		};
		84B78CDE216E9C1C0064555C /* Layouts */ = {
			isa = PBXGroup;
			children = (
				84B78CDF216E9C1C0064555C /* SSCalendarDayLayout.h */,
				84B78CE0216E9C1C0064555C /* SSCalendarDayLayout.m */,
				84B78CE1216E9C1C0064555C /* SSCalendarWeekLayout.h */,
				84B78CE2216E9C1C0064555C /* SSCalendarWeekLayout.m */,
			);
			path = Layouts;
			sourceTree = "<group>";
		};
		84B78CE3216E9C1C0064555C /* ViewControllers */ = {
			isa = PBXGroup;
			children = (
				84B78CE4216E9C1C0064555C /* SSCalendarDailyViewController.h */,
				84B78CE5216E9C1C0064555C /* SSCalendarDailyViewController.m */,
				84B78CE6216E9C1C0064555C /* SSCalendarDailyViewController.xib */,
			);
			path = ViewControllers;
			sourceTree = "<group>";
		};
		84B78CE7216E9C1C0064555C /* Month */ = {
			isa = PBXGroup;
			children = (
				84B78CE8216E9C1C0064555C /* Controllers */,
				84B78CEB216E9C1C0064555C /* Layouts */,
				84B78CEE216E9C1C0064555C /* ViewControllers */,
				84B78CF2216E9C1C0064555C /* Views */,
			);
			path = Month;
			sourceTree = "<group>";
		};
		84B78CE8216E9C1C0064555C /* Controllers */ = {
			isa = PBXGroup;
			children = (
				84B78CE9216E9C1C0064555C /* SSCalendarMonthlyDataSource.h */,
				84B78CEA216E9C1C0064555C /* SSCalendarMonthlyDataSource.m */,
			);
			path = Controllers;
			sourceTree = "<group>";
		};
		84B78CEB216E9C1C0064555C /* Layouts */ = {
			isa = PBXGroup;
			children = (
				84B78CEC216E9C1C0064555C /* SSCalendarMonthlyLayout.h */,
				84B78CED216E9C1C0064555C /* SSCalendarMonthlyLayout.m */,
			);
			path = Layouts;
			sourceTree = "<group>";
		};
		84B78CEE216E9C1C0064555C /* ViewControllers */ = {
			isa = PBXGroup;
			children = (
				84B78CEF216E9C1C0064555C /* SSCalendarMonthlyViewController.h */,
				84B78CF0216E9C1C0064555C /* SSCalendarMonthlyViewController.m */,
				84B78CF1216E9C1C0064555C /* SSCalendarMonthlyViewController.xib */,
			);
			path = ViewControllers;
			sourceTree = "<group>";
		};
		84B78CF2216E9C1C0064555C /* Views */ = {
			isa = PBXGroup;
			children = (
				84B78CF3216E9C1C0064555C /* SSCalendarMonthlyHeaderView.h */,
				84B78CF4216E9C1C0064555C /* SSCalendarMonthlyHeaderView.m */,
				84B78CF5216E9C1C0064555C /* SSCalendarMonthlyHeaderView.xib */,
			);
			path = Views;
			sourceTree = "<group>";
		};
		84B78CF6216E9C1C0064555C /* Year */ = {
			isa = PBXGroup;
			children = (
				84B78CF7216E9C1C0064555C /* Cells */,
				84B78CFB216E9C1C0064555C /* Controllers */,
				84B78CFE216E9C1C0064555C /* Layouts */,
				84B78D01216E9C1C0064555C /* ViewControllers */,
				84B78D05216E9C1C0064555C /* Views */,
			);
			path = Year;
			sourceTree = "<group>";
		};
		84B78CF7216E9C1C0064555C /* Cells */ = {
			isa = PBXGroup;
			children = (
				84B78CF8216E9C1C0064555C /* SSCalendarAnnualCell.h */,
				84B78CF9216E9C1C0064555C /* SSCalendarAnnualCell.m */,
				84B78CFA216E9C1C0064555C /* SSCalendarAnnualCell.xib */,
			);
			path = Cells;
			sourceTree = "<group>";
		};
		84B78CFB216E9C1C0064555C /* Controllers */ = {
			isa = PBXGroup;
			children = (
				84B78CFC216E9C1C0064555C /* SSCalendarAnnualDataSource.h */,
				84B78CFD216E9C1C0064555C /* SSCalendarAnnualDataSource.m */,
			);
			path = Controllers;
			sourceTree = "<group>";
		};
		84B78CFE216E9C1C0064555C /* Layouts */ = {
			isa = PBXGroup;
			children = (
				84B78CFF216E9C1C0064555C /* SSCalendarAnnualLayout.h */,
				84B78D00216E9C1C0064555C /* SSCalendarAnnualLayout.m */,
			);
			path = Layouts;
			sourceTree = "<group>";
		};
		84B78D01216E9C1C0064555C /* ViewControllers */ = {
			isa = PBXGroup;
			children = (
				84B78D02216E9C1C0064555C /* SSCalendarAnnualViewController.h */,
				84B78D03216E9C1C0064555C /* SSCalendarAnnualViewController.m */,
				84B78D04216E9C1C0064555C /* SSCalendarAnnualViewController.xib */,
			);
			path = ViewControllers;
			sourceTree = "<group>";
		};
		84B78D05216E9C1C0064555C /* Views */ = {
			isa = PBXGroup;
			children = (
				84B78D06216E9C1C0064555C /* SSCalendarAnnualHeaderView.h */,
				84B78D07216E9C1C0064555C /* SSCalendarAnnualHeaderView.m */,
				84B78D08216E9C1C0064555C /* SSCalendarAnnualHeaderView.xib */,
			);
			path = Views;
			sourceTree = "<group>";
		};
		84B78D09216E9C1C0064555C /* Models */ = {
			isa = PBXGroup;
			children = (
				84B78D0A216E9C1C0064555C /* SSCache.h */,
				84B78D0B216E9C1C0064555C /* SSCache.m */,
				84B78D0C216E9C1C0064555C /* SSCalendarCache.h */,
				84B78D0D216E9C1C0064555C /* SSCalendarCache.m */,
				84B78D0E216E9C1C0064555C /* SSCalendarCountCache.h */,
				84B78D0F216E9C1C0064555C /* SSCalendarCountCache.m */,
				84B78D10216E9C1C0064555C /* SSDayNode.h */,
				84B78D11216E9C1C0064555C /* SSDayNode.m */,
				84B78D12216E9C1C0064555C /* SSEvent.h */,
				84B78D13216E9C1C0064555C /* SSEvent.m */,
				84B78D14216E9C1C0064555C /* SSMonthNode.h */,
				84B78D15216E9C1C0064555C /* SSMonthNode.m */,
				84B78D16216E9C1C0064555C /* SSYearNode.h */,
				84B78D17216E9C1C0064555C /* SSYearNode.m */,
			);
			path = Models;
			sourceTree = "<group>";
		};
		84B78D18216E9C1C0064555C /* ViewControllers */ = {
			isa = PBXGroup;
			children = (
				84B78D1A216E9C1C0064555C /* Base */,
				84B78D19216E9C1C0064555C /* AboutViewController.swift */,
				84B78D1C216E9C1C0064555C /* EnableExtensionViewController.swift */,
				84B78D1D216E9C1C0064555C /* FirstContentViewController.swift */,
				84B78D1E216E9C1C0064555C /* HelpViewController.swift */,
				84B78D1F216E9C1C0064555C /* HomeViewController.swift */,
				84B78D22216E9C1C0064555C /* SecondContentViewController.swift */,
				84B78D23216E9C1C0064555C /* ThirdContentViewController.swift */,
				84B78D24216E9C1C0064555C /* UploadVC.swift */,
				84B78D25216E9C1C0064555C /* WebPageVC.swift */,
				849DFA87232156EF0084CDD0 /* ShareVC.swift */,
				846658A3216EAA1A009EB3AD /* WelcomeVC.swift */,
				846658A5216EAA31009EB3AD /* SignupVC.swift */,
				846658A7216EAA4D009EB3AD /* LoginVC.swift */,
				846658A9216EAA5C009EB3AD /* ForgotVC.swift */,
				8459A2A321706118002B0AC3 /* ProfileVC.swift */,
			);
			path = ViewControllers;
			sourceTree = "<group>";
		};
		84B78D1A216E9C1C0064555C /* Base */ = {
			isa = PBXGroup;
			children = (
				84B78D1B216E9C1C0064555C /* WMBaseVC.swift */,
			);
			path = Base;
			sourceTree = "<group>";
		};
		84B78D26216E9C1C0064555C /* Views */ = {
			isa = PBXGroup;
			children = (
				84B78D27216E9C1C0064555C /* Base */,
				84B78D28216E9C1C0064555C /* WMButton.swift */,
				84B78D29216E9C1C0064555C /* WMImageView.swift */,
			);
			path = Views;
			sourceTree = "<group>";
		};
		84B78D27216E9C1C0064555C /* Base */ = {
			isa = PBXGroup;
			children = (
			);
			path = Base;
			sourceTree = "<group>";
		};
		84B78D65216E9C350064555C /* Classes */ = {
			isa = PBXGroup;
			children = (
				84B78D66216E9C350064555C /* ViewControllers */,
			);
			path = Classes;
			sourceTree = "<group>";
		};
		84B78D66216E9C350064555C /* ViewControllers */ = {
			isa = PBXGroup;
			children = (
				84B78D67216E9C350064555C /* Base */,
				84B78D69216E9C350064555C /* ArchiveVC.swift */,
			);
			path = ViewControllers;
			sourceTree = "<group>";
		};
		84B78D67216E9C350064555C /* Base */ = {
			isa = PBXGroup;
			children = (
			);
			path = Base;
			sourceTree = "<group>";
		};
/* End PBXGroup section */

/* Begin PBXNativeTarget section */
		84182D251E406B23005AC4B6 /* WM */ = {
			isa = PBXNativeTarget;
			buildConfigurationList = 84182D4E1E406B23005AC4B6 /* Build configuration list for PBXNativeTarget "WM" */;
			buildPhases = (
				52B8258C50C0A7BE58AE6A09 /* [CP] Check Pods Manifest.lock */,
				84182D221E406B23005AC4B6 /* Sources */,
				84182D231E406B23005AC4B6 /* Frameworks */,
				84182D241E406B23005AC4B6 /* Resources */,
				84182D691E406B38005AC4B6 /* Embed App Extensions */,
				FD9A8100A72BA6D5C812AF77 /* [CP] Embed Pods Frameworks */,
			);
			buildRules = (
			);
			dependencies = (
				84182D641E406B38005AC4B6 /* PBXTargetDependency */,
			);
			name = WM;
			productName = WM;
			productReference = 84182D261E406B23005AC4B6 /* WM.app */;
			productType = "com.apple.product-type.application";
		};
		84182D5A1E406B38005AC4B6 /* WayBackMachine */ = {
			isa = PBXNativeTarget;
			buildConfigurationList = 84182D661E406B38005AC4B6 /* Build configuration list for PBXNativeTarget "WayBackMachine" */;
			buildPhases = (
				70C86583A45617A9E189BEA6 /* [CP] Check Pods Manifest.lock */,
				84182D571E406B38005AC4B6 /* Sources */,
				84182D581E406B38005AC4B6 /* Frameworks */,
				84182D591E406B38005AC4B6 /* Resources */,
			);
			buildRules = (
			);
			dependencies = (
			);
			name = WayBackMachine;
			productName = WayBackMachine;
			productReference = 84182D5B1E406B38005AC4B6 /* WayBackMachine.appex */;
			productType = "com.apple.product-type.app-extension";
		};
/* End PBXNativeTarget section */

/* Begin PBXProject section */
		84182D1E1E406B23005AC4B6 /* Project object */ = {
			isa = PBXProject;
			attributes = {
				LastSwiftUpdateCheck = 0820;
				LastUpgradeCheck = 1240;
				ORGANIZATIONNAME = Admin;
				TargetAttributes = {
					84182D251E406B23005AC4B6 = {
						CreatedOnToolsVersion = 8.2;
						DevelopmentTeam = ZSFX78H3ZT;
						LastSwiftMigration = 1030;
						ProvisioningStyle = Automatic;
						SystemCapabilities = {
							com.apple.ApplicationGroups.iOS = {
								enabled = 1;
							};
						};
					};
					84182D5A1E406B38005AC4B6 = {
						CreatedOnToolsVersion = 8.2;
						DevelopmentTeam = ZSFX78H3ZT;
						LastSwiftMigration = 1030;
						ProvisioningStyle = Automatic;
						SystemCapabilities = {
							com.apple.ApplicationGroups.iOS = {
								enabled = 1;
							};
							com.apple.SafariKeychain = {
								enabled = 0;
							};
						};
					};
				};
			};
			buildConfigurationList = 84182D211E406B23005AC4B6 /* Build configuration list for PBXProject "WM" */;
			compatibilityVersion = "Xcode 3.2";
			developmentRegion = en;
			hasScannedForEncodings = 0;
			knownRegions = (
				en,
				Base,
			);
			mainGroup = 84182D1D1E406B23005AC4B6;
			productRefGroup = 84182D271E406B23005AC4B6 /* Products */;
			projectDirPath = "";
			projectRoot = "";
			targets = (
				84182D251E406B23005AC4B6 /* WM */,
				84182D5A1E406B38005AC4B6 /* WayBackMachine */,
			);
		};
/* End PBXProject section */

/* Begin PBXResourcesBuildPhase section */
		84182D241E406B23005AC4B6 /* Resources */ = {
			isa = PBXResourcesBuildPhase;
			buildActionMask = 2147483647;
			files = (
				84B78D38216E9C1C0064555C /* SSCalendarEventsCell.xib in Resources */,
				84B78D36216E9C1C0064555C /* SSCalendarDayCell.xib in Resources */,
				84B78D4F216E9C1C0064555C /* SSCalendarAnnualHeaderView.xib in Resources */,
				84B78D41216E9C1C0064555C /* SSCalendarDailyViewController.xib in Resources */,
				84182D341E406B23005AC4B6 /* LaunchScreen.storyboard in Resources */,
				84B78D2E216E9C1C0064555C /* SSCalendar.bundle in Resources */,
				D9E695041EF10099007E7551 /* Assets.xcassets in Resources */,
				84B78D49216E9C1C0064555C /* SSCalendarAnnualCell.xib in Resources */,
				84B78D45216E9C1C0064555C /* SSCalendarMonthlyViewController.xib in Resources */,
				84B78D47216E9C1C0064555C /* SSCalendarMonthlyHeaderView.xib in Resources */,
				84B78D4D216E9C1C0064555C /* SSCalendarAnnualViewController.xib in Resources */,
				84182D2F1E406B23005AC4B6 /* Main.storyboard in Resources */,
			);
			runOnlyForDeploymentPostprocessing = 0;
		};
		84182D591E406B38005AC4B6 /* Resources */ = {
			isa = PBXResourcesBuildPhase;
			buildActionMask = 2147483647;
			files = (
				849DFA8A23215F230084CDD0 /* Main.storyboard in Resources */,
				D9E695051EF10237007E7551 /* Assets.xcassets in Resources */,
				84182D611E406B38005AC4B6 /* MainInterface.storyboard in Resources */,
			);
			runOnlyForDeploymentPostprocessing = 0;
		};
/* End PBXResourcesBuildPhase section */

/* Begin PBXShellScriptBuildPhase section */
		52B8258C50C0A7BE58AE6A09 /* [CP] Check Pods Manifest.lock */ = {
			isa = PBXShellScriptBuildPhase;
			buildActionMask = 2147483647;
			files = (
			);
			inputPaths = (
				"${PODS_PODFILE_DIR_PATH}/Podfile.lock",
				"${PODS_ROOT}/Manifest.lock",
			);
			name = "[CP] Check Pods Manifest.lock";
			outputPaths = (
				"$(DERIVED_FILE_DIR)/Pods-WM-checkManifestLockResult.txt",
			);
			runOnlyForDeploymentPostprocessing = 0;
			shellPath = /bin/sh;
			shellScript = "diff \"${PODS_PODFILE_DIR_PATH}/Podfile.lock\" \"${PODS_ROOT}/Manifest.lock\" > /dev/null\nif [ $? != 0 ] ; then\n    # print error to STDERR\n    echo \"error: The sandbox is not in sync with the Podfile.lock. Run 'pod install' or update your CocoaPods installation.\" >&2\n    exit 1\nfi\n# This output is used by Xcode 'outputs' to avoid re-running this script phase.\necho \"SUCCESS\" > \"${SCRIPT_OUTPUT_FILE_0}\"\n";
			showEnvVarsInLog = 0;
		};
		70C86583A45617A9E189BEA6 /* [CP] Check Pods Manifest.lock */ = {
			isa = PBXShellScriptBuildPhase;
			buildActionMask = 2147483647;
			files = (
			);
			inputPaths = (
				"${PODS_PODFILE_DIR_PATH}/Podfile.lock",
				"${PODS_ROOT}/Manifest.lock",
			);
			name = "[CP] Check Pods Manifest.lock";
			outputPaths = (
				"$(DERIVED_FILE_DIR)/Pods-WayBackMachine-checkManifestLockResult.txt",
			);
			runOnlyForDeploymentPostprocessing = 0;
			shellPath = /bin/sh;
			shellScript = "diff \"${PODS_PODFILE_DIR_PATH}/Podfile.lock\" \"${PODS_ROOT}/Manifest.lock\" > /dev/null\nif [ $? != 0 ] ; then\n    # print error to STDERR\n    echo \"error: The sandbox is not in sync with the Podfile.lock. Run 'pod install' or update your CocoaPods installation.\" >&2\n    exit 1\nfi\n# This output is used by Xcode 'outputs' to avoid re-running this script phase.\necho \"SUCCESS\" > \"${SCRIPT_OUTPUT_FILE_0}\"\n";
			showEnvVarsInLog = 0;
		};
		FD9A8100A72BA6D5C812AF77 /* [CP] Embed Pods Frameworks */ = {
			isa = PBXShellScriptBuildPhase;
			buildActionMask = 2147483647;
			files = (
			);
			inputPaths = (
				"${PODS_ROOT}/Target Support Files/Pods-WM/Pods-WM-frameworks.sh",
				"${BUILT_PRODUCTS_DIR}/Alamofire/Alamofire.framework",
				"${BUILT_PRODUCTS_DIR}/FRHyperLabel/FRHyperLabel.framework",
				"${BUILT_PRODUCTS_DIR}/MBProgressHUD/MBProgressHUD.framework",
				"${BUILT_PRODUCTS_DIR}/UITextView+Placeholder/UITextView_Placeholder.framework",
				"${BUILT_PRODUCTS_DIR}/IQKeyboardManagerSwift/IQKeyboardManagerSwift.framework",
			);
			name = "[CP] Embed Pods Frameworks";
			outputPaths = (
				"${TARGET_BUILD_DIR}/${FRAMEWORKS_FOLDER_PATH}/Alamofire.framework",
				"${TARGET_BUILD_DIR}/${FRAMEWORKS_FOLDER_PATH}/FRHyperLabel.framework",
				"${TARGET_BUILD_DIR}/${FRAMEWORKS_FOLDER_PATH}/MBProgressHUD.framework",
				"${TARGET_BUILD_DIR}/${FRAMEWORKS_FOLDER_PATH}/UITextView_Placeholder.framework",
				"${TARGET_BUILD_DIR}/${FRAMEWORKS_FOLDER_PATH}/IQKeyboardManagerSwift.framework",
			);
			runOnlyForDeploymentPostprocessing = 0;
			shellPath = /bin/sh;
			shellScript = "\"${PODS_ROOT}/Target Support Files/Pods-WM/Pods-WM-frameworks.sh\"\n";
			showEnvVarsInLog = 0;
		};
/* End PBXShellScriptBuildPhase section */

/* Begin PBXSourcesBuildPhase section */
		84182D221E406B23005AC4B6 /* Sources */ = {
			isa = PBXSourcesBuildPhase;
			buildActionMask = 2147483647;
			files = (
				84B78D51216E9C1C0064555C /* SSCalendarCache.m in Sources */,
				84B78D46216E9C1C0064555C /* SSCalendarMonthlyHeaderView.m in Sources */,
				84B78D31216E9C1C0064555C /* SSDimensions.m in Sources */,
				84B78D64216E9C1C0064555C /* WMImageView.swift in Sources */,
				84B78D3A216E9C1C0064555C /* SSCalendarDayViewController.m in Sources */,
				84B78D3E216E9C1C0064555C /* SSCalendarDayLayout.m in Sources */,
				846658AA216EAA5C009EB3AD /* ForgotVC.swift in Sources */,
				84B78D3D216E9C1C0064555C /* SSCalendarWeekViewController.m in Sources */,
				84B78D55216E9C1C0064555C /* SSMonthNode.m in Sources */,
				84B78D61216E9C1C0064555C /* UploadVC.swift in Sources */,
				84B78D5B216E9C1C0064555C /* HelpViewController.swift in Sources */,
				84B78D62216E9C1C0064555C /* WebPageVC.swift in Sources */,
				849DFA88232156EF0084CDD0 /* ShareVC.swift in Sources */,
				846658B6216F2E42009EB3AD /* UITextField+fixCaretPosition.swift in Sources */,
				84B78D2A216E9C1C0064555C /* StringExtensions.swift in Sources */,
				84B78D58216E9C1C0064555C /* WMBaseVC.swift in Sources */,
				84B78D4E216E9C1C0064555C /* SSCalendarAnnualHeaderView.m in Sources */,
				84B78D63216E9C1C0064555C /* WMButton.swift in Sources */,
				84B78D30216E9C1C0064555C /* SSDataController.m in Sources */,
				84B78D4A216E9C1C0064555C /* SSCalendarAnnualDataSource.m in Sources */,
				84B78D56216E9C1C0064555C /* SSYearNode.m in Sources */,
				84B78D32216E9C1C0064555C /* SSStyles.m in Sources */,
				84B78D50216E9C1C0064555C /* SSCache.m in Sources */,
				84B78D3C216E9C1C0064555C /* SSCalendarWeekHeaderView.m in Sources */,
				84B78D52216E9C1C0064555C /* SSCalendarCountCache.m in Sources */,
				846658A8216EAA4D009EB3AD /* LoginVC.swift in Sources */,
				84B78D59216E9C1C0064555C /* EnableExtensionViewController.swift in Sources */,
				84B78D5C216E9C1C0064555C /* HomeViewController.swift in Sources */,
				84B78D43216E9C1C0064555C /* SSCalendarMonthlyLayout.m in Sources */,
				84B78D48216E9C1C0064555C /* SSCalendarAnnualCell.m in Sources */,
				84B78D35216E9C1C0064555C /* SSCalendarDayCell.m in Sources */,
				84B78D2C216E9C1C0064555C /* WMConstants.swift in Sources */,
				84B78D39216E9C1C0064555C /* SSCalendarEventTableViewCell.m in Sources */,
				8459A2A421706118002B0AC3 /* ProfileVC.swift in Sources */,
				84B78D2F216E9C1C0064555C /* SSCalendarUtils.m in Sources */,
				84B78D2B216E9C1C0064555C /* WMAPIManager.swift in Sources */,
				846658A4216EAA1A009EB3AD /* WelcomeVC.swift in Sources */,
				846658B2216F2E42009EB3AD /* SkyFloatingLabelTextField.swift in Sources */,
				846658A0216EA6F2009EB3AD /* WMGlobal.swift in Sources */,
				84B78D5A216E9C1C0064555C /* FirstContentViewController.swift in Sources */,
				84B78D53216E9C1C0064555C /* SSDayNode.m in Sources */,
				84B78D54216E9C1C0064555C /* SSEvent.m in Sources */,
				84B78D42216E9C1C0064555C /* SSCalendarMonthlyDataSource.m in Sources */,
				84182D2A1E406B23005AC4B6 /* AppDelegate.swift in Sources */,
				84B78D57216E9C1C0064555C /* AboutViewController.swift in Sources */,
				84B78D60216E9C1C0064555C /* ThirdContentViewController.swift in Sources */,
				84B78D4B216E9C1C0064555C /* SSCalendarAnnualLayout.m in Sources */,
				84B78D3B216E9C1C0064555C /* SSCalendarEventsTableViewController.m in Sources */,
				846658A6216EAA31009EB3AD /* SignupVC.swift in Sources */,
				84B78D4C216E9C1C0064555C /* SSCalendarAnnualViewController.m in Sources */,
				84B78D44216E9C1C0064555C /* SSCalendarMonthlyViewController.m in Sources */,
				84B78D34216E9C1C0064555C /* UIColor+StellarAdditions.m in Sources */,
				84B78D37216E9C1C0064555C /* SSCalendarEventsCell.m in Sources */,
				84B78D5F216E9C1C0064555C /* SecondContentViewController.swift in Sources */,
				846658B4216F2E42009EB3AD /* SkyFloatingLabelTextFieldWithIcon.swift in Sources */,
				846658AC216EB715009EB3AD /* WMView.swift in Sources */,
				84B78D40216E9C1C0064555C /* SSCalendarDailyViewController.m in Sources */,
				84B78D33216E9C1C0064555C /* StellarConversionUtils.m in Sources */,
				84B78D3F216E9C1C0064555C /* SSCalendarWeekLayout.m in Sources */,
			);
			runOnlyForDeploymentPostprocessing = 0;
		};
		84182D571E406B38005AC4B6 /* Sources */ = {
			isa = PBXSourcesBuildPhase;
			buildActionMask = 2147483647;
			files = (
				8466589F216EA610009EB3AD /* StringExtensions.swift in Sources */,
				8422298623224C500008CCBB /* WMButton.swift in Sources */,
				84B78D6C216E9C350064555C /* ArchiveVC.swift in Sources */,
				849DFA9023222CA90084CDD0 /* ShareVC.swift in Sources */,
				846658A1216EA939009EB3AD /* WMGlobal.swift in Sources */,
				C37947F923FD3EF0005208AC /* WMConstants.swift in Sources */,
				846658A2216EA950009EB3AD /* WMAPIManager.swift in Sources */,
				849DFA8923215F140084CDD0 /* WebPageVC.swift in Sources */,
			);
			runOnlyForDeploymentPostprocessing = 0;
		};
/* End PBXSourcesBuildPhase section */

/* Begin PBXTargetDependency section */
		84182D641E406B38005AC4B6 /* PBXTargetDependency */ = {
			isa = PBXTargetDependency;
			target = 84182D5A1E406B38005AC4B6 /* WayBackMachine */;
			targetProxy = 84182D631E406B38005AC4B6 /* PBXContainerItemProxy */;
		};
/* End PBXTargetDependency section */

/* Begin PBXVariantGroup section */
		84182D2D1E406B23005AC4B6 /* Main.storyboard */ = {
			isa = PBXVariantGroup;
			children = (
				84182D2E1E406B23005AC4B6 /* Base */,
			);
			name = Main.storyboard;
			sourceTree = "<group>";
		};
		84182D321E406B23005AC4B6 /* LaunchScreen.storyboard */ = {
			isa = PBXVariantGroup;
			children = (
				84182D331E406B23005AC4B6 /* Base */,
			);
			name = LaunchScreen.storyboard;
			sourceTree = "<group>";
		};
		84182D5F1E406B38005AC4B6 /* MainInterface.storyboard */ = {
			isa = PBXVariantGroup;
			children = (
				84182D601E406B38005AC4B6 /* Base */,
			);
			name = MainInterface.storyboard;
			sourceTree = "<group>";
		};
/* End PBXVariantGroup section */

/* Begin XCBuildConfiguration section */
		84182D4C1E406B23005AC4B6 /* Debug */ = {
			isa = XCBuildConfiguration;
			buildSettings = {
				ALWAYS_SEARCH_USER_PATHS = NO;
				CLANG_ANALYZER_LOCALIZABILITY_NONLOCALIZED = YES;
				CLANG_ANALYZER_NONNULL = YES;
				CLANG_CXX_LANGUAGE_STANDARD = "gnu++0x";
				CLANG_CXX_LIBRARY = "libc++";
				CLANG_ENABLE_MODULES = YES;
				CLANG_ENABLE_OBJC_ARC = YES;
				CLANG_WARN_BLOCK_CAPTURE_AUTORELEASING = YES;
				CLANG_WARN_BOOL_CONVERSION = YES;
				CLANG_WARN_COMMA = YES;
				CLANG_WARN_CONSTANT_CONVERSION = YES;
				CLANG_WARN_DEPRECATED_OBJC_IMPLEMENTATIONS = YES;
				CLANG_WARN_DIRECT_OBJC_ISA_USAGE = YES_ERROR;
				CLANG_WARN_DOCUMENTATION_COMMENTS = YES;
				CLANG_WARN_EMPTY_BODY = YES;
				CLANG_WARN_ENUM_CONVERSION = YES;
				CLANG_WARN_INFINITE_RECURSION = YES;
				CLANG_WARN_INT_CONVERSION = YES;
				CLANG_WARN_NON_LITERAL_NULL_CONVERSION = YES;
				CLANG_WARN_OBJC_IMPLICIT_RETAIN_SELF = YES;
				CLANG_WARN_OBJC_LITERAL_CONVERSION = YES;
				CLANG_WARN_OBJC_ROOT_CLASS = YES_ERROR;
				CLANG_WARN_QUOTED_INCLUDE_IN_FRAMEWORK_HEADER = YES;
				CLANG_WARN_RANGE_LOOP_ANALYSIS = YES;
				CLANG_WARN_STRICT_PROTOTYPES = YES;
				CLANG_WARN_SUSPICIOUS_MOVE = YES;
				CLANG_WARN_UNREACHABLE_CODE = YES;
				CLANG_WARN__DUPLICATE_METHOD_MATCH = YES;
				"CODE_SIGN_IDENTITY[sdk=iphoneos*]" = "Apple Development";
				COPY_PHASE_STRIP = NO;
				DEBUG_INFORMATION_FORMAT = dwarf;
				DEVELOPMENT_TEAM = ZSFX78H3ZT;
				ENABLE_STRICT_OBJC_MSGSEND = YES;
				ENABLE_TESTABILITY = YES;
				GCC_C_LANGUAGE_STANDARD = gnu99;
				GCC_DYNAMIC_NO_PIC = NO;
				GCC_NO_COMMON_BLOCKS = YES;
				GCC_OPTIMIZATION_LEVEL = 0;
				GCC_PREPROCESSOR_DEFINITIONS = (
					"DEBUG=1",
					"$(inherited)",
				);
				GCC_WARN_64_TO_32_BIT_CONVERSION = YES;
				GCC_WARN_ABOUT_RETURN_TYPE = YES_ERROR;
				GCC_WARN_UNDECLARED_SELECTOR = YES;
				GCC_WARN_UNINITIALIZED_AUTOS = YES_AGGRESSIVE;
				GCC_WARN_UNUSED_FUNCTION = YES;
				GCC_WARN_UNUSED_VARIABLE = YES;
				IPHONEOS_DEPLOYMENT_TARGET = 12.0;
				MTL_ENABLE_DEBUG_INFO = YES;
				ONLY_ACTIVE_ARCH = YES;
				SDKROOT = iphoneos;
				SWIFT_ACTIVE_COMPILATION_CONDITIONS = DEBUG;
				SWIFT_OPTIMIZATION_LEVEL = "-Onone";
				TARGETED_DEVICE_FAMILY = "1,2";
			};
			name = Debug;
		};
		84182D4D1E406B23005AC4B6 /* Release */ = {
			isa = XCBuildConfiguration;
			buildSettings = {
				ALWAYS_SEARCH_USER_PATHS = NO;
				CLANG_ANALYZER_LOCALIZABILITY_NONLOCALIZED = YES;
				CLANG_ANALYZER_NONNULL = YES;
				CLANG_CXX_LANGUAGE_STANDARD = "gnu++0x";
				CLANG_CXX_LIBRARY = "libc++";
				CLANG_ENABLE_MODULES = YES;
				CLANG_ENABLE_OBJC_ARC = YES;
				CLANG_WARN_BLOCK_CAPTURE_AUTORELEASING = YES;
				CLANG_WARN_BOOL_CONVERSION = YES;
				CLANG_WARN_COMMA = YES;
				CLANG_WARN_CONSTANT_CONVERSION = YES;
				CLANG_WARN_DEPRECATED_OBJC_IMPLEMENTATIONS = YES;
				CLANG_WARN_DIRECT_OBJC_ISA_USAGE = YES_ERROR;
				CLANG_WARN_DOCUMENTATION_COMMENTS = YES;
				CLANG_WARN_EMPTY_BODY = YES;
				CLANG_WARN_ENUM_CONVERSION = YES;
				CLANG_WARN_INFINITE_RECURSION = YES;
				CLANG_WARN_INT_CONVERSION = YES;
				CLANG_WARN_NON_LITERAL_NULL_CONVERSION = YES;
				CLANG_WARN_OBJC_IMPLICIT_RETAIN_SELF = YES;
				CLANG_WARN_OBJC_LITERAL_CONVERSION = YES;
				CLANG_WARN_OBJC_ROOT_CLASS = YES_ERROR;
				CLANG_WARN_QUOTED_INCLUDE_IN_FRAMEWORK_HEADER = YES;
				CLANG_WARN_RANGE_LOOP_ANALYSIS = YES;
				CLANG_WARN_STRICT_PROTOTYPES = YES;
				CLANG_WARN_SUSPICIOUS_MOVE = YES;
				CLANG_WARN_UNREACHABLE_CODE = YES;
				CLANG_WARN__DUPLICATE_METHOD_MATCH = YES;
				"CODE_SIGN_IDENTITY[sdk=iphoneos*]" = "Apple Development";
				COPY_PHASE_STRIP = NO;
				DEBUG_INFORMATION_FORMAT = "dwarf-with-dsym";
				DEVELOPMENT_TEAM = ZSFX78H3ZT;
				ENABLE_NS_ASSERTIONS = NO;
				ENABLE_STRICT_OBJC_MSGSEND = YES;
				GCC_C_LANGUAGE_STANDARD = gnu99;
				GCC_NO_COMMON_BLOCKS = YES;
				GCC_WARN_64_TO_32_BIT_CONVERSION = YES;
				GCC_WARN_ABOUT_RETURN_TYPE = YES_ERROR;
				GCC_WARN_UNDECLARED_SELECTOR = YES;
				GCC_WARN_UNINITIALIZED_AUTOS = YES_AGGRESSIVE;
				GCC_WARN_UNUSED_FUNCTION = YES;
				GCC_WARN_UNUSED_VARIABLE = YES;
				IPHONEOS_DEPLOYMENT_TARGET = 12.0;
				MTL_ENABLE_DEBUG_INFO = NO;
				SDKROOT = iphoneos;
				SWIFT_OPTIMIZATION_LEVEL = "-Owholemodule";
				TARGETED_DEVICE_FAMILY = "1,2";
				VALIDATE_PRODUCT = YES;
			};
			name = Release;
		};
		84182D4F1E406B23005AC4B6 /* Debug */ = {
			isa = XCBuildConfiguration;
			baseConfigurationReference = A3F078DE272FCBC36C039CE2 /* Pods-WM.debug.xcconfig */;
			buildSettings = {
				ALWAYS_EMBED_SWIFT_STANDARD_LIBRARIES = "$(inherited)";
				APPLICATION_EXTENSION_API_ONLY = NO;
				ASSETCATALOG_COMPILER_APPICON_NAME = AppIcon;
				CODE_SIGN_ENTITLEMENTS = WM/WM.entitlements;
				CODE_SIGN_IDENTITY = "Apple Development";
				"CODE_SIGN_IDENTITY[sdk=iphoneos*]" = "Apple Development";
				CODE_SIGN_STYLE = Automatic;
				CURRENT_PROJECT_VERSION = 85;
				DEFINES_MODULE = YES;
				DEVELOPMENT_TEAM = ZSFX78H3ZT;
				INFOPLIST_FILE = WM/Info.plist;
				IPHONEOS_DEPLOYMENT_TARGET = 12.0;
				LD_RUNPATH_SEARCH_PATHS = "$(inherited) @executable_path/Frameworks";
				MARKETING_VERSION = 2.9.4;
				PRODUCT_BUNDLE_IDENTIFIER = com.mobile.waybackmachine;
				PRODUCT_NAME = "$(TARGET_NAME)";
				PROVISIONING_PROFILE_SPECIFIER = "";
				SWIFT_OBJC_BRIDGING_HEADER = "WM/WM-BridgingHeader.h";
				SWIFT_VERSION = 5.0;
			};
			name = Debug;
		};
		84182D501E406B23005AC4B6 /* Release */ = {
			isa = XCBuildConfiguration;
			baseConfigurationReference = 14954F6F624B13221ABA689C /* Pods-WM.release.xcconfig */;
			buildSettings = {
				ALWAYS_EMBED_SWIFT_STANDARD_LIBRARIES = "$(inherited)";
				APPLICATION_EXTENSION_API_ONLY = NO;
				ASSETCATALOG_COMPILER_APPICON_NAME = AppIcon;
				CODE_SIGN_ENTITLEMENTS = WM/WM.entitlements;
				CODE_SIGN_IDENTITY = "Apple Development";
				"CODE_SIGN_IDENTITY[sdk=iphoneos*]" = "Apple Development";
				CODE_SIGN_STYLE = Automatic;
				CURRENT_PROJECT_VERSION = 85;
				DEFINES_MODULE = YES;
				DEVELOPMENT_TEAM = ZSFX78H3ZT;
				INFOPLIST_FILE = WM/Info.plist;
				IPHONEOS_DEPLOYMENT_TARGET = 12.0;
				LD_RUNPATH_SEARCH_PATHS = "$(inherited) @executable_path/Frameworks";
				MARKETING_VERSION = 2.9.4;
				PRODUCT_BUNDLE_IDENTIFIER = com.mobile.waybackmachine;
				PRODUCT_NAME = "$(TARGET_NAME)";
				PROVISIONING_PROFILE_SPECIFIER = "";
				SWIFT_OBJC_BRIDGING_HEADER = "WM/WM-BridgingHeader.h";
				SWIFT_VERSION = 5.0;
			};
			name = Release;
		};
		84182D671E406B38005AC4B6 /* Debug */ = {
			isa = XCBuildConfiguration;
			baseConfigurationReference = 25688761A8FDA47972E9008C /* Pods-WayBackMachine.debug.xcconfig */;
			buildSettings = {
				CODE_SIGN_ENTITLEMENTS = WayBackMachine/WayBackMachine.entitlements;
				CODE_SIGN_IDENTITY = "Apple Development";
				"CODE_SIGN_IDENTITY[sdk=iphoneos*]" = "Apple Development";
				CODE_SIGN_STYLE = Automatic;
				CURRENT_PROJECT_VERSION = 85;
				DEVELOPMENT_TEAM = ZSFX78H3ZT;
				GCC_PREPROCESSOR_DEFINITIONS = (
					"COCOAPODS=1",
					"$(inherited)",
				);
				INFOPLIST_FILE = WayBackMachine/Info.plist;
				IPHONEOS_DEPLOYMENT_TARGET = 12.0;
				LD_RUNPATH_SEARCH_PATHS = "$(inherited) @executable_path/Frameworks @executable_path/../../Frameworks";
				MARKETING_VERSION = 2.9.4;
				OTHER_SWIFT_FLAGS = "$(inherited) \"-D\" \"COCOAPODS\" -DEXTENSION";
				PRODUCT_BUNDLE_IDENTIFIER = com.mobile.waybackmachine.extension;
				PRODUCT_NAME = "$(TARGET_NAME)";
				PROVISIONING_PROFILE_SPECIFIER = "";
				SKIP_INSTALL = YES;
				SWIFT_OBJC_BRIDGING_HEADER = "";
				SWIFT_VERSION = 5.0;
			};
			name = Debug;
		};
		84182D681E406B38005AC4B6 /* Release */ = {
			isa = XCBuildConfiguration;
			baseConfigurationReference = 89D88856FD532D6BFF913203 /* Pods-WayBackMachine.release.xcconfig */;
			buildSettings = {
				CODE_SIGN_ENTITLEMENTS = WayBackMachine/WayBackMachine.entitlements;
				CODE_SIGN_IDENTITY = "Apple Development";
				"CODE_SIGN_IDENTITY[sdk=iphoneos*]" = "Apple Development";
				CODE_SIGN_STYLE = Automatic;
				CURRENT_PROJECT_VERSION = 85;
				DEVELOPMENT_TEAM = ZSFX78H3ZT;
				GCC_PREPROCESSOR_DEFINITIONS = (
					"$(inherited)",
					"COCOAPODS=1",
				);
				INFOPLIST_FILE = WayBackMachine/Info.plist;
				IPHONEOS_DEPLOYMENT_TARGET = 12.0;
				LD_RUNPATH_SEARCH_PATHS = "$(inherited) @executable_path/Frameworks @executable_path/../../Frameworks";
				MARKETING_VERSION = 2.9.4;
				OTHER_SWIFT_FLAGS = "$(inherited) \"-D\" \"COCOAPODS\" -DEXTENSION";
				PRODUCT_BUNDLE_IDENTIFIER = com.mobile.waybackmachine.extension;
				PRODUCT_NAME = "$(TARGET_NAME)";
				PROVISIONING_PROFILE_SPECIFIER = "";
				SKIP_INSTALL = YES;
				SWIFT_OBJC_BRIDGING_HEADER = "";
				SWIFT_VERSION = 5.0;
			};
			name = Release;
		};
/* End XCBuildConfiguration section */

/* Begin XCConfigurationList section */
		84182D211E406B23005AC4B6 /* Build configuration list for PBXProject "WM" */ = {
			isa = XCConfigurationList;
			buildConfigurations = (
				84182D4C1E406B23005AC4B6 /* Debug */,
				84182D4D1E406B23005AC4B6 /* Release */,
			);
			defaultConfigurationIsVisible = 0;
			defaultConfigurationName = Release;
		};
		84182D4E1E406B23005AC4B6 /* Build configuration list for PBXNativeTarget "WM" */ = {
			isa = XCConfigurationList;
			buildConfigurations = (
				84182D4F1E406B23005AC4B6 /* Debug */,
				84182D501E406B23005AC4B6 /* Release */,
			);
			defaultConfigurationIsVisible = 0;
			defaultConfigurationName = Release;
		};
		84182D661E406B38005AC4B6 /* Build configuration list for PBXNativeTarget "WayBackMachine" */ = {
			isa = XCConfigurationList;
			buildConfigurations = (
				84182D671E406B38005AC4B6 /* Debug */,
				84182D681E406B38005AC4B6 /* Release */,
			);
			defaultConfigurationIsVisible = 0;
			defaultConfigurationName = Release;
		};
/* End XCConfigurationList section */
	};
	rootObject = 84182D1E1E406B23005AC4B6 /* Project object */;
}
